// !$*UTF8*$!
{
	archiveVersion = 1;
	classes = {
	};
	objectVersion = 56;
	objects = {

/* Begin PBXBuildFile section */
		B54950C52BCD636A000BA280 /* LocationService.swift in Sources */ = {isa = PBXBuildFile; fileRef = B54950C42BCD636A000BA280 /* LocationService.swift */; };
		B54950C72BCE4779000BA280 /* MKPointAnnotation.swift in Sources */ = {isa = PBXBuildFile; fileRef = B54950C62BCE4779000BA280 /* MKPointAnnotation.swift */; };
		B54950C92BCE55AD000BA280 /* AddressResponse.swift in Sources */ = {isa = PBXBuildFile; fileRef = B54950C82BCE55AD000BA280 /* AddressResponse.swift */; };
		B54950CB2BCEAC08000BA280 /* ErrorResponse.swift in Sources */ = {isa = PBXBuildFile; fileRef = B54950CA2BCEAC08000BA280 /* ErrorResponse.swift */; };
		B5560A8C2BD2AB7C00F325DF /* SplashVC.swift in Sources */ = {isa = PBXBuildFile; fileRef = B5560A8B2BD2AB7C00F325DF /* SplashVC.swift */; };
		B5560A8F2BD2AD4C00F325DF /* Lottie in Frameworks */ = {isa = PBXBuildFile; productRef = B5560A8E2BD2AD4C00F325DF /* Lottie */; };
		B5560A922BD2AD5C00F325DF /* splash.json in Resources */ = {isa = PBXBuildFile; fileRef = B5560A912BD2AD5C00F325DF /* splash.json */; };
		B55E70BD2BD25BE600872D3B /* OrderViewerRouter.swift in Sources */ = {isa = PBXBuildFile; fileRef = B55E70B92BD25BE600872D3B /* OrderViewerRouter.swift */; };
		B55E70BE2BD25BE600872D3B /* OrderViewerScreen.swift in Sources */ = {isa = PBXBuildFile; fileRef = B55E70BA2BD25BE600872D3B /* OrderViewerScreen.swift */; };
		B55E70BF2BD25BE600872D3B /* OrderViewerVC.swift in Sources */ = {isa = PBXBuildFile; fileRef = B55E70BB2BD25BE600872D3B /* OrderViewerVC.swift */; };
		B55E70C02BD25BE600872D3B /* OrderViewerViewModel.swift in Sources */ = {isa = PBXBuildFile; fileRef = B55E70BC2BD25BE600872D3B /* OrderViewerViewModel.swift */; };
		B55E70C62BD261CF00872D3B /* OrdersRouter.swift in Sources */ = {isa = PBXBuildFile; fileRef = B55E70C22BD261CF00872D3B /* OrdersRouter.swift */; };
		B55E70C72BD261CF00872D3B /* OrdersScreen.swift in Sources */ = {isa = PBXBuildFile; fileRef = B55E70C32BD261CF00872D3B /* OrdersScreen.swift */; };
		B55E70C82BD261CF00872D3B /* OrdersVC.swift in Sources */ = {isa = PBXBuildFile; fileRef = B55E70C42BD261CF00872D3B /* OrdersVC.swift */; };
		B55E70C92BD261CF00872D3B /* OrdersViewModel.swift in Sources */ = {isa = PBXBuildFile; fileRef = B55E70C52BD261CF00872D3B /* OrdersViewModel.swift */; };
		B55E70CC2BD262E500872D3B /* OrderCell.swift in Sources */ = {isa = PBXBuildFile; fileRef = B55E70CB2BD262E500872D3B /* OrderCell.swift */; };
		B58056152BBFBF5C000374E9 /* Toast.swift in Sources */ = {isa = PBXBuildFile; fileRef = B58056142BBFBF5C000374E9 /* Toast.swift */; };
		B58056182BBFC47D000374E9 /* Preferences.swift in Sources */ = {isa = PBXBuildFile; fileRef = B58056172BBFC47D000374E9 /* Preferences.swift */; };
		B580561A2BBFC4CF000374E9 /* PreferencesKey.swift in Sources */ = {isa = PBXBuildFile; fileRef = B58056192BBFC4CF000374E9 /* PreferencesKey.swift */; };
		B58056202BBFD5C6000374E9 /* ProfileRouter.swift in Sources */ = {isa = PBXBuildFile; fileRef = B580561C2BBFD5C6000374E9 /* ProfileRouter.swift */; };
		B58056212BBFD5C6000374E9 /* ProfileScreen.swift in Sources */ = {isa = PBXBuildFile; fileRef = B580561D2BBFD5C6000374E9 /* ProfileScreen.swift */; };
		B58056222BBFD5C6000374E9 /* ProfileVC.swift in Sources */ = {isa = PBXBuildFile; fileRef = B580561E2BBFD5C6000374E9 /* ProfileVC.swift */; };
		B58056232BBFD5C6000374E9 /* ProfileViewModel.swift in Sources */ = {isa = PBXBuildFile; fileRef = B580561F2BBFD5C6000374E9 /* ProfileViewModel.swift */; };
		B58056292BBFDDB5000374E9 /* PromoRouter.swift in Sources */ = {isa = PBXBuildFile; fileRef = B58056252BBFDDB5000374E9 /* PromoRouter.swift */; };
		B580562A2BBFDDB5000374E9 /* PromoScreen.swift in Sources */ = {isa = PBXBuildFile; fileRef = B58056262BBFDDB5000374E9 /* PromoScreen.swift */; };
		B580562B2BBFDDB5000374E9 /* PromoVC.swift in Sources */ = {isa = PBXBuildFile; fileRef = B58056272BBFDDB5000374E9 /* PromoVC.swift */; };
		B580562C2BBFDDB5000374E9 /* PromoViewModel.swift in Sources */ = {isa = PBXBuildFile; fileRef = B58056282BBFDDB5000374E9 /* PromoViewModel.swift */; };
		B58056322BBFDE10000374E9 /* CartRouter.swift in Sources */ = {isa = PBXBuildFile; fileRef = B580562E2BBFDE10000374E9 /* CartRouter.swift */; };
		B58056332BBFDE10000374E9 /* CartScreen.swift in Sources */ = {isa = PBXBuildFile; fileRef = B580562F2BBFDE10000374E9 /* CartScreen.swift */; };
		B58056342BBFDE10000374E9 /* CartVC.swift in Sources */ = {isa = PBXBuildFile; fileRef = B58056302BBFDE10000374E9 /* CartVC.swift */; };
		B58056352BBFDE10000374E9 /* CartViewModel.swift in Sources */ = {isa = PBXBuildFile; fileRef = B58056312BBFDE10000374E9 /* CartViewModel.swift */; };
		B580563E2BC04BD0000374E9 /* AddressSelectRouter.swift in Sources */ = {isa = PBXBuildFile; fileRef = B580563A2BC04BD0000374E9 /* AddressSelectRouter.swift */; };
		B580563F2BC04BD0000374E9 /* AddressSelectScreen.swift in Sources */ = {isa = PBXBuildFile; fileRef = B580563B2BC04BD0000374E9 /* AddressSelectScreen.swift */; };
		B58056402BC04BD0000374E9 /* AddressSelectVC.swift in Sources */ = {isa = PBXBuildFile; fileRef = B580563C2BC04BD0000374E9 /* AddressSelectVC.swift */; };
		B58056412BC04BD0000374E9 /* AddressSelectViewModel.swift in Sources */ = {isa = PBXBuildFile; fileRef = B580563D2BC04BD0000374E9 /* AddressSelectViewModel.swift */; };
		B5968C522BCEB3C400C7E426 /* AdressShowRouter.swift in Sources */ = {isa = PBXBuildFile; fileRef = B5968C4E2BCEB3C400C7E426 /* AdressShowRouter.swift */; };
		B5968C532BCEB3C400C7E426 /* AdressShowScreen.swift in Sources */ = {isa = PBXBuildFile; fileRef = B5968C4F2BCEB3C400C7E426 /* AdressShowScreen.swift */; };
		B5968C542BCEB3C400C7E426 /* AdressShowVC.swift in Sources */ = {isa = PBXBuildFile; fileRef = B5968C502BCEB3C400C7E426 /* AdressShowVC.swift */; };
		B5968C552BCEB3C400C7E426 /* AdressShowViewModel.swift in Sources */ = {isa = PBXBuildFile; fileRef = B5968C512BCEB3C400C7E426 /* AdressShowViewModel.swift */; };
		B5968C572BCEBC0B00C7E426 /* LoaderView.swift in Sources */ = {isa = PBXBuildFile; fileRef = B5968C562BCEBC0B00C7E426 /* LoaderView.swift */; };
		B5968C592BCEBC5F00C7E426 /* BlurView.swift in Sources */ = {isa = PBXBuildFile; fileRef = B5968C582BCEBC5F00C7E426 /* BlurView.swift */; };
		B5968C5B2BCF881900C7E426 /* PromoResponse.swift in Sources */ = {isa = PBXBuildFile; fileRef = B5968C5A2BCF881900C7E426 /* PromoResponse.swift */; };
		B5968C5D2BCF88B100C7E426 /* PromoCell.swift in Sources */ = {isa = PBXBuildFile; fileRef = B5968C5C2BCF88B100C7E426 /* PromoCell.swift */; };
		B5968C632BCF8AFF00C7E426 /* PromoViewerRouter.swift in Sources */ = {isa = PBXBuildFile; fileRef = B5968C5F2BCF8AFF00C7E426 /* PromoViewerRouter.swift */; };
		B5968C642BCF8AFF00C7E426 /* PromoViewerScreen.swift in Sources */ = {isa = PBXBuildFile; fileRef = B5968C602BCF8AFF00C7E426 /* PromoViewerScreen.swift */; };
		B5968C652BCF8AFF00C7E426 /* PromoViewerVC.swift in Sources */ = {isa = PBXBuildFile; fileRef = B5968C612BCF8AFF00C7E426 /* PromoViewerVC.swift */; };
		B5968C662BCF8AFF00C7E426 /* PromoViewerViewModel.swift in Sources */ = {isa = PBXBuildFile; fileRef = B5968C622BCF8AFF00C7E426 /* PromoViewerViewModel.swift */; };
		B5968C682BCF8D4400C7E426 /* ScrollStack.swift in Sources */ = {isa = PBXBuildFile; fileRef = B5968C672BCF8D4400C7E426 /* ScrollStack.swift */; };
		B5968C6F2BCF986D00C7E426 /* RegistrationRouter.swift in Sources */ = {isa = PBXBuildFile; fileRef = B5968C6B2BCF986D00C7E426 /* RegistrationRouter.swift */; };
		B5968C702BCF986D00C7E426 /* RegistrationScreen.swift in Sources */ = {isa = PBXBuildFile; fileRef = B5968C6C2BCF986D00C7E426 /* RegistrationScreen.swift */; };
		B5968C712BCF986D00C7E426 /* RegistrationVC.swift in Sources */ = {isa = PBXBuildFile; fileRef = B5968C6D2BCF986D00C7E426 /* RegistrationVC.swift */; };
		B5968C722BCF986D00C7E426 /* RegistrationViewModel.swift in Sources */ = {isa = PBXBuildFile; fileRef = B5968C6E2BCF986D00C7E426 /* RegistrationViewModel.swift */; };
		B5968C742BCF9F1100C7E426 /* RegisterRequest.swift in Sources */ = {isa = PBXBuildFile; fileRef = B5968C732BCF9F1100C7E426 /* RegisterRequest.swift */; };
		B5968C7A2BCFAB4000C7E426 /* ProfileViewerRouter.swift in Sources */ = {isa = PBXBuildFile; fileRef = B5968C762BCFAB4000C7E426 /* ProfileViewerRouter.swift */; };
		B5968C7B2BCFAB4000C7E426 /* ProfileViewerScreen.swift in Sources */ = {isa = PBXBuildFile; fileRef = B5968C772BCFAB4000C7E426 /* ProfileViewerScreen.swift */; };
		B5968C7C2BCFAB4000C7E426 /* ProfileViewerVC.swift in Sources */ = {isa = PBXBuildFile; fileRef = B5968C782BCFAB4000C7E426 /* ProfileViewerVC.swift */; };
		B5968C7D2BCFAB4000C7E426 /* ProfileViewerViewModel.swift in Sources */ = {isa = PBXBuildFile; fileRef = B5968C792BCFAB4000C7E426 /* ProfileViewerViewModel.swift */; };
		B5968C7F2BCFABA500C7E426 /* TextCell.swift in Sources */ = {isa = PBXBuildFile; fileRef = B5968C7E2BCFABA500C7E426 /* TextCell.swift */; };
		B5968C812BCFACB800C7E426 /* UserResponse.swift in Sources */ = {isa = PBXBuildFile; fileRef = B5968C802BCFACB800C7E426 /* UserResponse.swift */; };
		B5968C832BD1752C00C7E426 /* CartResponse.swift in Sources */ = {isa = PBXBuildFile; fileRef = B5968C822BD1752C00C7E426 /* CartResponse.swift */; };
		B5968C852BD1768400C7E426 /* CartStorage.swift in Sources */ = {isa = PBXBuildFile; fileRef = B5968C842BD1768400C7E426 /* CartStorage.swift */; };
		B5968C872BD195D500C7E426 /* EmptyView.swift in Sources */ = {isa = PBXBuildFile; fileRef = B5968C862BD195D500C7E426 /* EmptyView.swift */; };
		B5968C8D2BD22AD200C7E426 /* OrderRouter.swift in Sources */ = {isa = PBXBuildFile; fileRef = B5968C892BD22AD200C7E426 /* OrderRouter.swift */; };
		B5968C8E2BD22AD200C7E426 /* OrderScreen.swift in Sources */ = {isa = PBXBuildFile; fileRef = B5968C8A2BD22AD200C7E426 /* OrderScreen.swift */; };
		B5968C8F2BD22AD200C7E426 /* OrderVC.swift in Sources */ = {isa = PBXBuildFile; fileRef = B5968C8B2BD22AD200C7E426 /* OrderVC.swift */; };
		B5968C902BD22AD200C7E426 /* OrderViewModel.swift in Sources */ = {isa = PBXBuildFile; fileRef = B5968C8C2BD22AD200C7E426 /* OrderViewModel.swift */; };
		B5968C922BD2317500C7E426 /* OrderResponse.swift in Sources */ = {isa = PBXBuildFile; fileRef = B5968C912BD2317500C7E426 /* OrderResponse.swift */; };
		B5968C982BD232D100C7E426 /* OrderCompleteRouter.swift in Sources */ = {isa = PBXBuildFile; fileRef = B5968C942BD232D100C7E426 /* OrderCompleteRouter.swift */; };
		B5968C992BD232D100C7E426 /* OrderCompleteScreen.swift in Sources */ = {isa = PBXBuildFile; fileRef = B5968C952BD232D100C7E426 /* OrderCompleteScreen.swift */; };
		B5968C9A2BD232D100C7E426 /* OrderCompleteVC.swift in Sources */ = {isa = PBXBuildFile; fileRef = B5968C962BD232D100C7E426 /* OrderCompleteVC.swift */; };
		B5968C9B2BD232D100C7E426 /* OrderCompleteViewModel.swift in Sources */ = {isa = PBXBuildFile; fileRef = B5968C972BD232D100C7E426 /* OrderCompleteViewModel.swift */; };
		B5D0DEB12BBBC67300613015 /* AppDelegate.swift in Sources */ = {isa = PBXBuildFile; fileRef = B5D0DEB02BBBC67300613015 /* AppDelegate.swift */; };
		B5D0DEB32BBBC67300613015 /* SceneDelegate.swift in Sources */ = {isa = PBXBuildFile; fileRef = B5D0DEB22BBBC67300613015 /* SceneDelegate.swift */; };
		B5D0DEBA2BBBC67400613015 /* Assets.xcassets in Resources */ = {isa = PBXBuildFile; fileRef = B5D0DEB92BBBC67400613015 /* Assets.xcassets */; };
		B5D0DEBD2BBBC67400613015 /* LaunchScreen.storyboard in Resources */ = {isa = PBXBuildFile; fileRef = B5D0DEBB2BBBC67400613015 /* LaunchScreen.storyboard */; };
		B5D0DECB2BBBC73500613015 /* MainRouter.swift in Sources */ = {isa = PBXBuildFile; fileRef = B5D0DEC72BBBC73500613015 /* MainRouter.swift */; };
		B5D0DECC2BBBC73500613015 /* MainScreen.swift in Sources */ = {isa = PBXBuildFile; fileRef = B5D0DEC82BBBC73500613015 /* MainScreen.swift */; };
		B5D0DECD2BBBC73500613015 /* MainVC.swift in Sources */ = {isa = PBXBuildFile; fileRef = B5D0DEC92BBBC73500613015 /* MainVC.swift */; };
		B5D0DECE2BBBC73500613015 /* MainViewModel.swift in Sources */ = {isa = PBXBuildFile; fileRef = B5D0DECA2BBBC73500613015 /* MainViewModel.swift */; };
		B5D0DED22BBBC74D00613015 /* CombineCocoa in Frameworks */ = {isa = PBXBuildFile; productRef = B5D0DED12BBBC74D00613015 /* CombineCocoa */; };
		B5D0DED42BBBC7A400613015 /* Navigator.swift in Sources */ = {isa = PBXBuildFile; fileRef = B5D0DED32BBBC7A400613015 /* Navigator.swift */; };
		B5D0DED62BBBC7D500613015 /* NavigationBar.swift in Sources */ = {isa = PBXBuildFile; fileRef = B5D0DED52BBBC7D500613015 /* NavigationBar.swift */; };
		B5D0DEDA2BBBC97100613015 /* Assets+Generated.swift in Sources */ = {isa = PBXBuildFile; fileRef = B5D0DED92BBBC97100613015 /* Assets+Generated.swift */; };
		B5D0DEDD2BBBCA6700613015 /* SnapKit in Frameworks */ = {isa = PBXBuildFile; productRef = B5D0DEDC2BBBCA6700613015 /* SnapKit */; };
		B5D0DEE52BBBCA8700613015 /* Sequence.swift in Sources */ = {isa = PBXBuildFile; fileRef = B5D0DEE32BBBCA8700613015 /* Sequence.swift */; };
		B5D0DEE62BBBCA8700613015 /* String.swift in Sources */ = {isa = PBXBuildFile; fileRef = B5D0DEE22BBBCA8700613015 /* String.swift */; };
		B5D0DEE72BBBCA8700613015 /* Encodable.swift in Sources */ = {isa = PBXBuildFile; fileRef = B5D0DEE42BBBCA8700613015 /* Encodable.swift */; };
		B5D0DEE82BBBCA8700613015 /* Int.swift in Sources */ = {isa = PBXBuildFile; fileRef = B5D0DEE12BBBCA8700613015 /* Int.swift */; };
		B5D0DEE92BBBCA8700613015 /* TimeInterval.swift in Sources */ = {isa = PBXBuildFile; fileRef = B5D0DEE02BBBCA8600613015 /* TimeInterval.swift */; };
		B5D0DEED2BBBCA8C00613015 /* Haptic.swift in Sources */ = {isa = PBXBuildFile; fileRef = B5D0DEEC2BBBCA8C00613015 /* Haptic.swift */; };
		B5D0DEEE2BBBCA8C00613015 /* Collection+UIView.swift in Sources */ = {isa = PBXBuildFile; fileRef = B5D0DEEB2BBBCA8C00613015 /* Collection+UIView.swift */; };
		B5D0DEEF2BBBCA8C00613015 /* SmallButton.swift in Sources */ = {isa = PBXBuildFile; fileRef = B5D0DEEA2BBBCA8C00613015 /* SmallButton.swift */; };
		B5D0DEF42BBBCA9300613015 /* UIButton+Stylable.swift in Sources */ = {isa = PBXBuildFile; fileRef = B5D0DEF22BBBCA9300613015 /* UIButton+Stylable.swift */; };
		B5D0DEF52BBBCA9300613015 /* UICollectionView+Stylable.swift in Sources */ = {isa = PBXBuildFile; fileRef = B5D0DEF12BBBCA9300613015 /* UICollectionView+Stylable.swift */; };
		B5D0DEF62BBBCA9300613015 /* UIView+Stylable.swift in Sources */ = {isa = PBXBuildFile; fileRef = B5D0DEF02BBBCA9300613015 /* UIView+Stylable.swift */; };
		B5D0DEF72BBBCA9300613015 /* Stylable.swift in Sources */ = {isa = PBXBuildFile; fileRef = B5D0DEF32BBBCA9300613015 /* Stylable.swift */; };
		B5D0DEFF2BBBCA9C00613015 /* UILabel.swift in Sources */ = {isa = PBXBuildFile; fileRef = B5D0DEFE2BBBCA9C00613015 /* UILabel.swift */; };
		B5D0DF002BBBCA9C00613015 /* UISlider.swift in Sources */ = {isa = PBXBuildFile; fileRef = B5D0DEF82BBBCA9C00613015 /* UISlider.swift */; };
		B5D0DF012BBBCA9C00613015 /* UIButton.swift in Sources */ = {isa = PBXBuildFile; fileRef = B5D0DEFC2BBBCA9C00613015 /* UIButton.swift */; };
		B5D0DF022BBBCA9C00613015 /* UIImageView.swift in Sources */ = {isa = PBXBuildFile; fileRef = B5D0DEFB2BBBCA9C00613015 /* UIImageView.swift */; };
		B5D0DF032BBBCA9C00613015 /* UIColor.swift in Sources */ = {isa = PBXBuildFile; fileRef = B5D0DEFD2BBBCA9C00613015 /* UIColor.swift */; };
		B5D0DF042BBBCA9C00613015 /* UIPasteboard.swift in Sources */ = {isa = PBXBuildFile; fileRef = B5D0DEFA2BBBCA9C00613015 /* UIPasteboard.swift */; };
		B5D0DF052BBBCA9C00613015 /* UIStackView.swift in Sources */ = {isa = PBXBuildFile; fileRef = B5D0DEF92BBBCA9C00613015 /* UIStackView.swift */; };
		B5D0DF0E2BBBCDBE00613015 /* PageIndicator.swift in Sources */ = {isa = PBXBuildFile; fileRef = B5D0DF0A2BBBCDBD00613015 /* PageIndicator.swift */; };
		B5D0DF0F2BBBCDBE00613015 /* Button.swift in Sources */ = {isa = PBXBuildFile; fileRef = B5D0DF0B2BBBCDBD00613015 /* Button.swift */; };
		B5D0DF112BBBCDBE00613015 /* Component.swift in Sources */ = {isa = PBXBuildFile; fileRef = B5D0DF0D2BBBCDBE00613015 /* Component.swift */; };
		B5D0DF142BBBD30E00613015 /* SDWebImageSVGCoder in Frameworks */ = {isa = PBXBuildFile; productRef = B5D0DF132BBBD30E00613015 /* SDWebImageSVGCoder */; };
		B5D0DF162BBBD3A900613015 /* SpinerView.swift in Sources */ = {isa = PBXBuildFile; fileRef = B5D0DF152BBBD3A800613015 /* SpinerView.swift */; };
		B5D0DF182BBBD74E00613015 /* TableVC.swift in Sources */ = {isa = PBXBuildFile; fileRef = B5D0DF172BBBD74E00613015 /* TableVC.swift */; };
		B5D0DF1C2BBBE4B900613015 /* Category.swift in Sources */ = {isa = PBXBuildFile; fileRef = B5D0DF1B2BBBE4B900613015 /* Category.swift */; };
		B5D0DF1E2BBBE79C00613015 /* ProductResponse.swift in Sources */ = {isa = PBXBuildFile; fileRef = B5D0DF1D2BBBE79C00613015 /* ProductResponse.swift */; };
		B5D0DF202BBBEE6F00613015 /* ProductCell.swift in Sources */ = {isa = PBXBuildFile; fileRef = B5D0DF1F2BBBEE6F00613015 /* ProductCell.swift */; };
		B5D0DF222BBBF75300613015 /* CardCollectionView.swift in Sources */ = {isa = PBXBuildFile; fileRef = B5D0DF212BBBF75300613015 /* CardCollectionView.swift */; };
		B5D0DF242BBC0D1500613015 /* Tabbar.swift in Sources */ = {isa = PBXBuildFile; fileRef = B5D0DF232BBC0D1500613015 /* Tabbar.swift */; };
		B5D0DF272BBC533700613015 /* NetworkService.swift in Sources */ = {isa = PBXBuildFile; fileRef = B5D0DF262BBC533700613015 /* NetworkService.swift */; };
		B5D0DF292BBC536C00613015 /* ShavermaAPI.swift in Sources */ = {isa = PBXBuildFile; fileRef = B5D0DF282BBC536C00613015 /* ShavermaAPI.swift */; };
		B5D0DF3D2BBEE52400613015 /* MontserratAlternates-Black.ttf in Resources */ = {isa = PBXBuildFile; fileRef = B5D0DF372BBEE51D00613015 /* MontserratAlternates-Black.ttf */; };
		B5D0DF3E2BBEE52400613015 /* MontserratAlternates-ExtraLight.ttf in Resources */ = {isa = PBXBuildFile; fileRef = B5D0DF2B2BBEE51D00613015 /* MontserratAlternates-ExtraLight.ttf */; };
		B5D0DF3F2BBEE52400613015 /* MontserratAlternates-ExtraBoldItalic.ttf in Resources */ = {isa = PBXBuildFile; fileRef = B5D0DF322BBEE51D00613015 /* MontserratAlternates-ExtraBoldItalic.ttf */; };
		B5D0DF402BBEE52400613015 /* MontserratAlternates-ExtraLightItalic.ttf in Resources */ = {isa = PBXBuildFile; fileRef = B5D0DF2C2BBEE51D00613015 /* MontserratAlternates-ExtraLightItalic.ttf */; };
		B5D0DF412BBEE52400613015 /* MontserratAlternates-Italic.ttf in Resources */ = {isa = PBXBuildFile; fileRef = B5D0DF352BBEE51D00613015 /* MontserratAlternates-Italic.ttf */; };
		B5D0DF422BBEE52400613015 /* MontserratAlternates-LightItalic.ttf in Resources */ = {isa = PBXBuildFile; fileRef = B5D0DF382BBEE51E00613015 /* MontserratAlternates-LightItalic.ttf */; };
		B5D0DF432BBEE52400613015 /* MontserratAlternates-MediumItalic.ttf in Resources */ = {isa = PBXBuildFile; fileRef = B5D0DF392BBEE51E00613015 /* MontserratAlternates-MediumItalic.ttf */; };
		B5D0DF442BBEE52400613015 /* MontserratAlternates-Regular.ttf in Resources */ = {isa = PBXBuildFile; fileRef = B5D0DF3A2BBEE51E00613015 /* MontserratAlternates-Regular.ttf */; };
		B5D0DF452BBEE52400613015 /* MontserratAlternates-ExtraBold.ttf in Resources */ = {isa = PBXBuildFile; fileRef = B5D0DF2F2BBEE51D00613015 /* MontserratAlternates-ExtraBold.ttf */; };
		B5D0DF462BBEE52400613015 /* MontserratAlternates-Thin.ttf in Resources */ = {isa = PBXBuildFile; fileRef = B5D0DF3B2BBEE51E00613015 /* MontserratAlternates-Thin.ttf */; };
		B5D0DF472BBEE52400613015 /* MontserratAlternates-Light.ttf in Resources */ = {isa = PBXBuildFile; fileRef = B5D0DF362BBEE51D00613015 /* MontserratAlternates-Light.ttf */; };
		B5D0DF482BBEE52400613015 /* MontserratAlternates-Medium.ttf in Resources */ = {isa = PBXBuildFile; fileRef = B5D0DF342BBEE51D00613015 /* MontserratAlternates-Medium.ttf */; };
		B5D0DF492BBEE52400613015 /* MontserratAlternates-Bold.ttf in Resources */ = {isa = PBXBuildFile; fileRef = B5D0DF332BBEE51D00613015 /* MontserratAlternates-Bold.ttf */; };
		B5D0DF4A2BBEE52400613015 /* MontserratAlternates-SemiBoldItalic.ttf in Resources */ = {isa = PBXBuildFile; fileRef = B5D0DF312BBEE51D00613015 /* MontserratAlternates-SemiBoldItalic.ttf */; };
		B5D0DF4B2BBEE52400613015 /* MontserratAlternates-BlackItalic.ttf in Resources */ = {isa = PBXBuildFile; fileRef = B5D0DF2D2BBEE51D00613015 /* MontserratAlternates-BlackItalic.ttf */; };
		B5D0DF4C2BBEE52400613015 /* MontserratAlternates-ThinItalic.ttf in Resources */ = {isa = PBXBuildFile; fileRef = B5D0DF3C2BBEE51E00613015 /* MontserratAlternates-ThinItalic.ttf */; };
		B5D0DF4D2BBEE52400613015 /* MontserratAlternates-BoldItalic.ttf in Resources */ = {isa = PBXBuildFile; fileRef = B5D0DF2E2BBEE51D00613015 /* MontserratAlternates-BoldItalic.ttf */; };
		B5D0DF4E2BBEE52400613015 /* MontserratAlternates-SemiBold.ttf in Resources */ = {isa = PBXBuildFile; fileRef = B5D0DF302BBEE51D00613015 /* MontserratAlternates-SemiBold.ttf */; };
		B5D0DF502BBEE76800613015 /* Fonts.swift in Sources */ = {isa = PBXBuildFile; fileRef = B5D0DF4F2BBEE76800613015 /* Fonts.swift */; };
		B5D0DF522BBEE7B500613015 /* MonserratFont.swift in Sources */ = {isa = PBXBuildFile; fileRef = B5D0DF512BBEE7B500613015 /* MonserratFont.swift */; };
		B5D0DF5A2BBEEB8700613015 /* AuthRouter.swift in Sources */ = {isa = PBXBuildFile; fileRef = B5D0DF562BBEEB8700613015 /* AuthRouter.swift */; };
		B5D0DF5B2BBEEB8700613015 /* AuthScreen.swift in Sources */ = {isa = PBXBuildFile; fileRef = B5D0DF572BBEEB8700613015 /* AuthScreen.swift */; };
		B5D0DF5C2BBEEB8700613015 /* AuthVC.swift in Sources */ = {isa = PBXBuildFile; fileRef = B5D0DF582BBEEB8700613015 /* AuthVC.swift */; };
		B5D0DF5D2BBEEB8700613015 /* AuthViewModel.swift in Sources */ = {isa = PBXBuildFile; fileRef = B5D0DF592BBEEB8700613015 /* AuthViewModel.swift */; };
		B5D0DF602BBEEC7100613015 /* TextField.swift in Sources */ = {isa = PBXBuildFile; fileRef = B5D0DF5F2BBEEC7100613015 /* TextField.swift */; };
/* End PBXBuildFile section */

/* Begin PBXFileReference section */
		B54950C42BCD636A000BA280 /* LocationService.swift */ = {isa = PBXFileReference; lastKnownFileType = sourcecode.swift; path = LocationService.swift; sourceTree = "<group>"; };
		B54950C62BCE4779000BA280 /* MKPointAnnotation.swift */ = {isa = PBXFileReference; lastKnownFileType = sourcecode.swift; path = MKPointAnnotation.swift; sourceTree = "<group>"; };
		B54950C82BCE55AD000BA280 /* AddressResponse.swift */ = {isa = PBXFileReference; lastKnownFileType = sourcecode.swift; path = AddressResponse.swift; sourceTree = "<group>"; };
		B54950CA2BCEAC08000BA280 /* ErrorResponse.swift */ = {isa = PBXFileReference; lastKnownFileType = sourcecode.swift; path = ErrorResponse.swift; sourceTree = "<group>"; };
		B5560A8B2BD2AB7C00F325DF /* SplashVC.swift */ = {isa = PBXFileReference; lastKnownFileType = sourcecode.swift; path = SplashVC.swift; sourceTree = "<group>"; };
		B5560A912BD2AD5C00F325DF /* splash.json */ = {isa = PBXFileReference; fileEncoding = 4; lastKnownFileType = text.json; path = splash.json; sourceTree = "<group>"; };
		B55E70B92BD25BE600872D3B /* OrderViewerRouter.swift */ = {isa = PBXFileReference; lastKnownFileType = sourcecode.swift; path = OrderViewerRouter.swift; sourceTree = "<group>"; };
		B55E70BA2BD25BE600872D3B /* OrderViewerScreen.swift */ = {isa = PBXFileReference; lastKnownFileType = sourcecode.swift; path = OrderViewerScreen.swift; sourceTree = "<group>"; };
		B55E70BB2BD25BE600872D3B /* OrderViewerVC.swift */ = {isa = PBXFileReference; lastKnownFileType = sourcecode.swift; path = OrderViewerVC.swift; sourceTree = "<group>"; };
		B55E70BC2BD25BE600872D3B /* OrderViewerViewModel.swift */ = {isa = PBXFileReference; lastKnownFileType = sourcecode.swift; path = OrderViewerViewModel.swift; sourceTree = "<group>"; };
		B55E70C22BD261CF00872D3B /* OrdersRouter.swift */ = {isa = PBXFileReference; lastKnownFileType = sourcecode.swift; path = OrdersRouter.swift; sourceTree = "<group>"; };
		B55E70C32BD261CF00872D3B /* OrdersScreen.swift */ = {isa = PBXFileReference; lastKnownFileType = sourcecode.swift; path = OrdersScreen.swift; sourceTree = "<group>"; };
		B55E70C42BD261CF00872D3B /* OrdersVC.swift */ = {isa = PBXFileReference; lastKnownFileType = sourcecode.swift; path = OrdersVC.swift; sourceTree = "<group>"; };
		B55E70C52BD261CF00872D3B /* OrdersViewModel.swift */ = {isa = PBXFileReference; lastKnownFileType = sourcecode.swift; path = OrdersViewModel.swift; sourceTree = "<group>"; };
		B55E70CB2BD262E500872D3B /* OrderCell.swift */ = {isa = PBXFileReference; lastKnownFileType = sourcecode.swift; path = OrderCell.swift; sourceTree = "<group>"; };
		B58056142BBFBF5C000374E9 /* Toast.swift */ = {isa = PBXFileReference; lastKnownFileType = sourcecode.swift; path = Toast.swift; sourceTree = "<group>"; };
		B58056172BBFC47D000374E9 /* Preferences.swift */ = {isa = PBXFileReference; lastKnownFileType = sourcecode.swift; path = Preferences.swift; sourceTree = "<group>"; };
		B58056192BBFC4CF000374E9 /* PreferencesKey.swift */ = {isa = PBXFileReference; lastKnownFileType = sourcecode.swift; path = PreferencesKey.swift; sourceTree = "<group>"; };
		B580561C2BBFD5C6000374E9 /* ProfileRouter.swift */ = {isa = PBXFileReference; lastKnownFileType = sourcecode.swift; path = ProfileRouter.swift; sourceTree = "<group>"; };
		B580561D2BBFD5C6000374E9 /* ProfileScreen.swift */ = {isa = PBXFileReference; lastKnownFileType = sourcecode.swift; path = ProfileScreen.swift; sourceTree = "<group>"; };
		B580561E2BBFD5C6000374E9 /* ProfileVC.swift */ = {isa = PBXFileReference; lastKnownFileType = sourcecode.swift; path = ProfileVC.swift; sourceTree = "<group>"; };
		B580561F2BBFD5C6000374E9 /* ProfileViewModel.swift */ = {isa = PBXFileReference; lastKnownFileType = sourcecode.swift; path = ProfileViewModel.swift; sourceTree = "<group>"; };
		B58056252BBFDDB5000374E9 /* PromoRouter.swift */ = {isa = PBXFileReference; lastKnownFileType = sourcecode.swift; path = PromoRouter.swift; sourceTree = "<group>"; };
		B58056262BBFDDB5000374E9 /* PromoScreen.swift */ = {isa = PBXFileReference; lastKnownFileType = sourcecode.swift; path = PromoScreen.swift; sourceTree = "<group>"; };
		B58056272BBFDDB5000374E9 /* PromoVC.swift */ = {isa = PBXFileReference; lastKnownFileType = sourcecode.swift; path = PromoVC.swift; sourceTree = "<group>"; };
		B58056282BBFDDB5000374E9 /* PromoViewModel.swift */ = {isa = PBXFileReference; lastKnownFileType = sourcecode.swift; path = PromoViewModel.swift; sourceTree = "<group>"; };
		B580562E2BBFDE10000374E9 /* CartRouter.swift */ = {isa = PBXFileReference; lastKnownFileType = sourcecode.swift; path = CartRouter.swift; sourceTree = "<group>"; };
		B580562F2BBFDE10000374E9 /* CartScreen.swift */ = {isa = PBXFileReference; lastKnownFileType = sourcecode.swift; path = CartScreen.swift; sourceTree = "<group>"; };
		B58056302BBFDE10000374E9 /* CartVC.swift */ = {isa = PBXFileReference; lastKnownFileType = sourcecode.swift; path = CartVC.swift; sourceTree = "<group>"; };
		B58056312BBFDE10000374E9 /* CartViewModel.swift */ = {isa = PBXFileReference; lastKnownFileType = sourcecode.swift; path = CartViewModel.swift; sourceTree = "<group>"; };
		B580563A2BC04BD0000374E9 /* AddressSelectRouter.swift */ = {isa = PBXFileReference; lastKnownFileType = sourcecode.swift; path = AddressSelectRouter.swift; sourceTree = "<group>"; };
		B580563B2BC04BD0000374E9 /* AddressSelectScreen.swift */ = {isa = PBXFileReference; lastKnownFileType = sourcecode.swift; path = AddressSelectScreen.swift; sourceTree = "<group>"; };
		B580563C2BC04BD0000374E9 /* AddressSelectVC.swift */ = {isa = PBXFileReference; lastKnownFileType = sourcecode.swift; path = AddressSelectVC.swift; sourceTree = "<group>"; };
		B580563D2BC04BD0000374E9 /* AddressSelectViewModel.swift */ = {isa = PBXFileReference; lastKnownFileType = sourcecode.swift; path = AddressSelectViewModel.swift; sourceTree = "<group>"; };
		B5968C4E2BCEB3C400C7E426 /* AdressShowRouter.swift */ = {isa = PBXFileReference; lastKnownFileType = sourcecode.swift; path = AdressShowRouter.swift; sourceTree = "<group>"; };
		B5968C4F2BCEB3C400C7E426 /* AdressShowScreen.swift */ = {isa = PBXFileReference; lastKnownFileType = sourcecode.swift; path = AdressShowScreen.swift; sourceTree = "<group>"; };
		B5968C502BCEB3C400C7E426 /* AdressShowVC.swift */ = {isa = PBXFileReference; lastKnownFileType = sourcecode.swift; path = AdressShowVC.swift; sourceTree = "<group>"; };
		B5968C512BCEB3C400C7E426 /* AdressShowViewModel.swift */ = {isa = PBXFileReference; lastKnownFileType = sourcecode.swift; path = AdressShowViewModel.swift; sourceTree = "<group>"; };
		B5968C562BCEBC0B00C7E426 /* LoaderView.swift */ = {isa = PBXFileReference; lastKnownFileType = sourcecode.swift; path = LoaderView.swift; sourceTree = "<group>"; };
		B5968C582BCEBC5F00C7E426 /* BlurView.swift */ = {isa = PBXFileReference; lastKnownFileType = sourcecode.swift; path = BlurView.swift; sourceTree = "<group>"; };
		B5968C5A2BCF881900C7E426 /* PromoResponse.swift */ = {isa = PBXFileReference; lastKnownFileType = sourcecode.swift; path = PromoResponse.swift; sourceTree = "<group>"; };
		B5968C5C2BCF88B100C7E426 /* PromoCell.swift */ = {isa = PBXFileReference; lastKnownFileType = sourcecode.swift; path = PromoCell.swift; sourceTree = "<group>"; };
		B5968C5F2BCF8AFF00C7E426 /* PromoViewerRouter.swift */ = {isa = PBXFileReference; lastKnownFileType = sourcecode.swift; path = PromoViewerRouter.swift; sourceTree = "<group>"; };
		B5968C602BCF8AFF00C7E426 /* PromoViewerScreen.swift */ = {isa = PBXFileReference; lastKnownFileType = sourcecode.swift; path = PromoViewerScreen.swift; sourceTree = "<group>"; };
		B5968C612BCF8AFF00C7E426 /* PromoViewerVC.swift */ = {isa = PBXFileReference; lastKnownFileType = sourcecode.swift; path = PromoViewerVC.swift; sourceTree = "<group>"; };
		B5968C622BCF8AFF00C7E426 /* PromoViewerViewModel.swift */ = {isa = PBXFileReference; lastKnownFileType = sourcecode.swift; path = PromoViewerViewModel.swift; sourceTree = "<group>"; };
		B5968C672BCF8D4400C7E426 /* ScrollStack.swift */ = {isa = PBXFileReference; lastKnownFileType = sourcecode.swift; path = ScrollStack.swift; sourceTree = "<group>"; };
		B5968C6B2BCF986D00C7E426 /* RegistrationRouter.swift */ = {isa = PBXFileReference; lastKnownFileType = sourcecode.swift; path = RegistrationRouter.swift; sourceTree = "<group>"; };
		B5968C6C2BCF986D00C7E426 /* RegistrationScreen.swift */ = {isa = PBXFileReference; lastKnownFileType = sourcecode.swift; path = RegistrationScreen.swift; sourceTree = "<group>"; };
		B5968C6D2BCF986D00C7E426 /* RegistrationVC.swift */ = {isa = PBXFileReference; lastKnownFileType = sourcecode.swift; path = RegistrationVC.swift; sourceTree = "<group>"; };
		B5968C6E2BCF986D00C7E426 /* RegistrationViewModel.swift */ = {isa = PBXFileReference; lastKnownFileType = sourcecode.swift; path = RegistrationViewModel.swift; sourceTree = "<group>"; };
		B5968C732BCF9F1100C7E426 /* RegisterRequest.swift */ = {isa = PBXFileReference; lastKnownFileType = sourcecode.swift; path = RegisterRequest.swift; sourceTree = "<group>"; };
		B5968C762BCFAB4000C7E426 /* ProfileViewerRouter.swift */ = {isa = PBXFileReference; lastKnownFileType = sourcecode.swift; path = ProfileViewerRouter.swift; sourceTree = "<group>"; };
		B5968C772BCFAB4000C7E426 /* ProfileViewerScreen.swift */ = {isa = PBXFileReference; lastKnownFileType = sourcecode.swift; path = ProfileViewerScreen.swift; sourceTree = "<group>"; };
		B5968C782BCFAB4000C7E426 /* ProfileViewerVC.swift */ = {isa = PBXFileReference; lastKnownFileType = sourcecode.swift; path = ProfileViewerVC.swift; sourceTree = "<group>"; };
		B5968C792BCFAB4000C7E426 /* ProfileViewerViewModel.swift */ = {isa = PBXFileReference; lastKnownFileType = sourcecode.swift; path = ProfileViewerViewModel.swift; sourceTree = "<group>"; };
		B5968C7E2BCFABA500C7E426 /* TextCell.swift */ = {isa = PBXFileReference; lastKnownFileType = sourcecode.swift; path = TextCell.swift; sourceTree = "<group>"; };
		B5968C802BCFACB800C7E426 /* UserResponse.swift */ = {isa = PBXFileReference; lastKnownFileType = sourcecode.swift; path = UserResponse.swift; sourceTree = "<group>"; };
		B5968C822BD1752C00C7E426 /* CartResponse.swift */ = {isa = PBXFileReference; lastKnownFileType = sourcecode.swift; path = CartResponse.swift; sourceTree = "<group>"; };
		B5968C842BD1768400C7E426 /* CartStorage.swift */ = {isa = PBXFileReference; lastKnownFileType = sourcecode.swift; path = CartStorage.swift; sourceTree = "<group>"; };
		B5968C862BD195D500C7E426 /* EmptyView.swift */ = {isa = PBXFileReference; lastKnownFileType = sourcecode.swift; path = EmptyView.swift; sourceTree = "<group>"; };
		B5968C892BD22AD200C7E426 /* OrderRouter.swift */ = {isa = PBXFileReference; lastKnownFileType = sourcecode.swift; path = OrderRouter.swift; sourceTree = "<group>"; };
		B5968C8A2BD22AD200C7E426 /* OrderScreen.swift */ = {isa = PBXFileReference; lastKnownFileType = sourcecode.swift; path = OrderScreen.swift; sourceTree = "<group>"; };
		B5968C8B2BD22AD200C7E426 /* OrderVC.swift */ = {isa = PBXFileReference; lastKnownFileType = sourcecode.swift; path = OrderVC.swift; sourceTree = "<group>"; };
		B5968C8C2BD22AD200C7E426 /* OrderViewModel.swift */ = {isa = PBXFileReference; lastKnownFileType = sourcecode.swift; path = OrderViewModel.swift; sourceTree = "<group>"; };
		B5968C912BD2317500C7E426 /* OrderResponse.swift */ = {isa = PBXFileReference; lastKnownFileType = sourcecode.swift; path = OrderResponse.swift; sourceTree = "<group>"; };
		B5968C942BD232D100C7E426 /* OrderCompleteRouter.swift */ = {isa = PBXFileReference; lastKnownFileType = sourcecode.swift; path = OrderCompleteRouter.swift; sourceTree = "<group>"; };
		B5968C952BD232D100C7E426 /* OrderCompleteScreen.swift */ = {isa = PBXFileReference; lastKnownFileType = sourcecode.swift; path = OrderCompleteScreen.swift; sourceTree = "<group>"; };
		B5968C962BD232D100C7E426 /* OrderCompleteVC.swift */ = {isa = PBXFileReference; lastKnownFileType = sourcecode.swift; path = OrderCompleteVC.swift; sourceTree = "<group>"; };
		B5968C972BD232D100C7E426 /* OrderCompleteViewModel.swift */ = {isa = PBXFileReference; lastKnownFileType = sourcecode.swift; path = OrderCompleteViewModel.swift; sourceTree = "<group>"; };
		B5D0DEAD2BBBC67300613015 /* Shaverma.app */ = {isa = PBXFileReference; explicitFileType = wrapper.application; includeInIndex = 0; path = Shaverma.app; sourceTree = BUILT_PRODUCTS_DIR; };
		B5D0DEB02BBBC67300613015 /* AppDelegate.swift */ = {isa = PBXFileReference; lastKnownFileType = sourcecode.swift; path = AppDelegate.swift; sourceTree = "<group>"; };
		B5D0DEB22BBBC67300613015 /* SceneDelegate.swift */ = {isa = PBXFileReference; lastKnownFileType = sourcecode.swift; path = SceneDelegate.swift; sourceTree = "<group>"; };
		B5D0DEB92BBBC67400613015 /* Assets.xcassets */ = {isa = PBXFileReference; lastKnownFileType = folder.assetcatalog; path = Assets.xcassets; sourceTree = "<group>"; };
		B5D0DEBC2BBBC67400613015 /* Base */ = {isa = PBXFileReference; lastKnownFileType = file.storyboard; name = Base; path = Base.lproj/LaunchScreen.storyboard; sourceTree = "<group>"; };
		B5D0DEBE2BBBC67400613015 /* Info.plist */ = {isa = PBXFileReference; lastKnownFileType = text.plist.xml; path = Info.plist; sourceTree = "<group>"; };
		B5D0DEC72BBBC73500613015 /* MainRouter.swift */ = {isa = PBXFileReference; lastKnownFileType = sourcecode.swift; path = MainRouter.swift; sourceTree = "<group>"; };
		B5D0DEC82BBBC73500613015 /* MainScreen.swift */ = {isa = PBXFileReference; lastKnownFileType = sourcecode.swift; path = MainScreen.swift; sourceTree = "<group>"; };
		B5D0DEC92BBBC73500613015 /* MainVC.swift */ = {isa = PBXFileReference; lastKnownFileType = sourcecode.swift; path = MainVC.swift; sourceTree = "<group>"; };
		B5D0DECA2BBBC73500613015 /* MainViewModel.swift */ = {isa = PBXFileReference; lastKnownFileType = sourcecode.swift; path = MainViewModel.swift; sourceTree = "<group>"; };
		B5D0DED32BBBC7A400613015 /* Navigator.swift */ = {isa = PBXFileReference; lastKnownFileType = sourcecode.swift; path = Navigator.swift; sourceTree = "<group>"; };
		B5D0DED52BBBC7D500613015 /* NavigationBar.swift */ = {isa = PBXFileReference; lastKnownFileType = sourcecode.swift; path = NavigationBar.swift; sourceTree = "<group>"; };
		B5D0DED92BBBC97100613015 /* Assets+Generated.swift */ = {isa = PBXFileReference; fileEncoding = 4; lastKnownFileType = sourcecode.swift; path = "Assets+Generated.swift"; sourceTree = "<group>"; };
		B5D0DEE02BBBCA8600613015 /* TimeInterval.swift */ = {isa = PBXFileReference; lastKnownFileType = sourcecode.swift; path = TimeInterval.swift; sourceTree = "<group>"; };
		B5D0DEE12BBBCA8700613015 /* Int.swift */ = {isa = PBXFileReference; lastKnownFileType = sourcecode.swift; path = Int.swift; sourceTree = "<group>"; };
		B5D0DEE22BBBCA8700613015 /* String.swift */ = {isa = PBXFileReference; lastKnownFileType = sourcecode.swift; path = String.swift; sourceTree = "<group>"; };
		B5D0DEE32BBBCA8700613015 /* Sequence.swift */ = {isa = PBXFileReference; lastKnownFileType = sourcecode.swift; path = Sequence.swift; sourceTree = "<group>"; };
		B5D0DEE42BBBCA8700613015 /* Encodable.swift */ = {isa = PBXFileReference; lastKnownFileType = sourcecode.swift; path = Encodable.swift; sourceTree = "<group>"; };
		B5D0DEEA2BBBCA8C00613015 /* SmallButton.swift */ = {isa = PBXFileReference; lastKnownFileType = sourcecode.swift; path = SmallButton.swift; sourceTree = "<group>"; };
		B5D0DEEB2BBBCA8C00613015 /* Collection+UIView.swift */ = {isa = PBXFileReference; lastKnownFileType = sourcecode.swift; path = "Collection+UIView.swift"; sourceTree = "<group>"; };
		B5D0DEEC2BBBCA8C00613015 /* Haptic.swift */ = {isa = PBXFileReference; lastKnownFileType = sourcecode.swift; path = Haptic.swift; sourceTree = "<group>"; };
		B5D0DEF02BBBCA9300613015 /* UIView+Stylable.swift */ = {isa = PBXFileReference; lastKnownFileType = sourcecode.swift; path = "UIView+Stylable.swift"; sourceTree = "<group>"; };
		B5D0DEF12BBBCA9300613015 /* UICollectionView+Stylable.swift */ = {isa = PBXFileReference; lastKnownFileType = sourcecode.swift; path = "UICollectionView+Stylable.swift"; sourceTree = "<group>"; };
		B5D0DEF22BBBCA9300613015 /* UIButton+Stylable.swift */ = {isa = PBXFileReference; lastKnownFileType = sourcecode.swift; path = "UIButton+Stylable.swift"; sourceTree = "<group>"; };
		B5D0DEF32BBBCA9300613015 /* Stylable.swift */ = {isa = PBXFileReference; lastKnownFileType = sourcecode.swift; path = Stylable.swift; sourceTree = "<group>"; };
		B5D0DEF82BBBCA9C00613015 /* UISlider.swift */ = {isa = PBXFileReference; lastKnownFileType = sourcecode.swift; path = UISlider.swift; sourceTree = "<group>"; };
		B5D0DEF92BBBCA9C00613015 /* UIStackView.swift */ = {isa = PBXFileReference; lastKnownFileType = sourcecode.swift; path = UIStackView.swift; sourceTree = "<group>"; };
		B5D0DEFA2BBBCA9C00613015 /* UIPasteboard.swift */ = {isa = PBXFileReference; lastKnownFileType = sourcecode.swift; path = UIPasteboard.swift; sourceTree = "<group>"; };
		B5D0DEFB2BBBCA9C00613015 /* UIImageView.swift */ = {isa = PBXFileReference; lastKnownFileType = sourcecode.swift; path = UIImageView.swift; sourceTree = "<group>"; };
		B5D0DEFC2BBBCA9C00613015 /* UIButton.swift */ = {isa = PBXFileReference; lastKnownFileType = sourcecode.swift; path = UIButton.swift; sourceTree = "<group>"; };
		B5D0DEFD2BBBCA9C00613015 /* UIColor.swift */ = {isa = PBXFileReference; lastKnownFileType = sourcecode.swift; path = UIColor.swift; sourceTree = "<group>"; };
		B5D0DEFE2BBBCA9C00613015 /* UILabel.swift */ = {isa = PBXFileReference; lastKnownFileType = sourcecode.swift; path = UILabel.swift; sourceTree = "<group>"; };
		B5D0DF0A2BBBCDBD00613015 /* PageIndicator.swift */ = {isa = PBXFileReference; fileEncoding = 4; lastKnownFileType = sourcecode.swift; path = PageIndicator.swift; sourceTree = "<group>"; };
		B5D0DF0B2BBBCDBD00613015 /* Button.swift */ = {isa = PBXFileReference; fileEncoding = 4; lastKnownFileType = sourcecode.swift; path = Button.swift; sourceTree = "<group>"; };
		B5D0DF0D2BBBCDBE00613015 /* Component.swift */ = {isa = PBXFileReference; fileEncoding = 4; lastKnownFileType = sourcecode.swift; path = Component.swift; sourceTree = "<group>"; };
		B5D0DF152BBBD3A800613015 /* SpinerView.swift */ = {isa = PBXFileReference; fileEncoding = 4; lastKnownFileType = sourcecode.swift; path = SpinerView.swift; sourceTree = "<group>"; };
		B5D0DF172BBBD74E00613015 /* TableVC.swift */ = {isa = PBXFileReference; lastKnownFileType = sourcecode.swift; path = TableVC.swift; sourceTree = "<group>"; };
		B5D0DF1B2BBBE4B900613015 /* Category.swift */ = {isa = PBXFileReference; lastKnownFileType = sourcecode.swift; path = Category.swift; sourceTree = "<group>"; };
		B5D0DF1D2BBBE79C00613015 /* ProductResponse.swift */ = {isa = PBXFileReference; lastKnownFileType = sourcecode.swift; path = ProductResponse.swift; sourceTree = "<group>"; };
		B5D0DF1F2BBBEE6F00613015 /* ProductCell.swift */ = {isa = PBXFileReference; lastKnownFileType = sourcecode.swift; path = ProductCell.swift; sourceTree = "<group>"; };
		B5D0DF212BBBF75300613015 /* CardCollectionView.swift */ = {isa = PBXFileReference; fileEncoding = 4; lastKnownFileType = sourcecode.swift; path = CardCollectionView.swift; sourceTree = "<group>"; };
		B5D0DF232BBC0D1500613015 /* Tabbar.swift */ = {isa = PBXFileReference; lastKnownFileType = sourcecode.swift; path = Tabbar.swift; sourceTree = "<group>"; };
		B5D0DF262BBC533700613015 /* NetworkService.swift */ = {isa = PBXFileReference; lastKnownFileType = sourcecode.swift; path = NetworkService.swift; sourceTree = "<group>"; };
		B5D0DF282BBC536C00613015 /* ShavermaAPI.swift */ = {isa = PBXFileReference; lastKnownFileType = sourcecode.swift; path = ShavermaAPI.swift; sourceTree = "<group>"; };
		B5D0DF2B2BBEE51D00613015 /* MontserratAlternates-ExtraLight.ttf */ = {isa = PBXFileReference; lastKnownFileType = file; path = "MontserratAlternates-ExtraLight.ttf"; sourceTree = "<group>"; };
		B5D0DF2C2BBEE51D00613015 /* MontserratAlternates-ExtraLightItalic.ttf */ = {isa = PBXFileReference; lastKnownFileType = file; path = "MontserratAlternates-ExtraLightItalic.ttf"; sourceTree = "<group>"; };
		B5D0DF2D2BBEE51D00613015 /* MontserratAlternates-BlackItalic.ttf */ = {isa = PBXFileReference; lastKnownFileType = file; path = "MontserratAlternates-BlackItalic.ttf"; sourceTree = "<group>"; };
		B5D0DF2E2BBEE51D00613015 /* MontserratAlternates-BoldItalic.ttf */ = {isa = PBXFileReference; lastKnownFileType = file; path = "MontserratAlternates-BoldItalic.ttf"; sourceTree = "<group>"; };
		B5D0DF2F2BBEE51D00613015 /* MontserratAlternates-ExtraBold.ttf */ = {isa = PBXFileReference; lastKnownFileType = file; path = "MontserratAlternates-ExtraBold.ttf"; sourceTree = "<group>"; };
		B5D0DF302BBEE51D00613015 /* MontserratAlternates-SemiBold.ttf */ = {isa = PBXFileReference; lastKnownFileType = file; path = "MontserratAlternates-SemiBold.ttf"; sourceTree = "<group>"; };
		B5D0DF312BBEE51D00613015 /* MontserratAlternates-SemiBoldItalic.ttf */ = {isa = PBXFileReference; lastKnownFileType = file; path = "MontserratAlternates-SemiBoldItalic.ttf"; sourceTree = "<group>"; };
		B5D0DF322BBEE51D00613015 /* MontserratAlternates-ExtraBoldItalic.ttf */ = {isa = PBXFileReference; lastKnownFileType = file; path = "MontserratAlternates-ExtraBoldItalic.ttf"; sourceTree = "<group>"; };
		B5D0DF332BBEE51D00613015 /* MontserratAlternates-Bold.ttf */ = {isa = PBXFileReference; lastKnownFileType = file; path = "MontserratAlternates-Bold.ttf"; sourceTree = "<group>"; };
		B5D0DF342BBEE51D00613015 /* MontserratAlternates-Medium.ttf */ = {isa = PBXFileReference; lastKnownFileType = file; path = "MontserratAlternates-Medium.ttf"; sourceTree = "<group>"; };
		B5D0DF352BBEE51D00613015 /* MontserratAlternates-Italic.ttf */ = {isa = PBXFileReference; lastKnownFileType = file; path = "MontserratAlternates-Italic.ttf"; sourceTree = "<group>"; };
		B5D0DF362BBEE51D00613015 /* MontserratAlternates-Light.ttf */ = {isa = PBXFileReference; lastKnownFileType = file; path = "MontserratAlternates-Light.ttf"; sourceTree = "<group>"; };
		B5D0DF372BBEE51D00613015 /* MontserratAlternates-Black.ttf */ = {isa = PBXFileReference; lastKnownFileType = file; path = "MontserratAlternates-Black.ttf"; sourceTree = "<group>"; };
		B5D0DF382BBEE51E00613015 /* MontserratAlternates-LightItalic.ttf */ = {isa = PBXFileReference; lastKnownFileType = file; path = "MontserratAlternates-LightItalic.ttf"; sourceTree = "<group>"; };
		B5D0DF392BBEE51E00613015 /* MontserratAlternates-MediumItalic.ttf */ = {isa = PBXFileReference; lastKnownFileType = file; path = "MontserratAlternates-MediumItalic.ttf"; sourceTree = "<group>"; };
		B5D0DF3A2BBEE51E00613015 /* MontserratAlternates-Regular.ttf */ = {isa = PBXFileReference; lastKnownFileType = file; path = "MontserratAlternates-Regular.ttf"; sourceTree = "<group>"; };
		B5D0DF3B2BBEE51E00613015 /* MontserratAlternates-Thin.ttf */ = {isa = PBXFileReference; lastKnownFileType = file; path = "MontserratAlternates-Thin.ttf"; sourceTree = "<group>"; };
		B5D0DF3C2BBEE51E00613015 /* MontserratAlternates-ThinItalic.ttf */ = {isa = PBXFileReference; lastKnownFileType = file; path = "MontserratAlternates-ThinItalic.ttf"; sourceTree = "<group>"; };
		B5D0DF4F2BBEE76800613015 /* Fonts.swift */ = {isa = PBXFileReference; fileEncoding = 4; lastKnownFileType = sourcecode.swift; path = Fonts.swift; sourceTree = "<group>"; };
		B5D0DF512BBEE7B500613015 /* MonserratFont.swift */ = {isa = PBXFileReference; lastKnownFileType = sourcecode.swift; path = MonserratFont.swift; sourceTree = "<group>"; };
		B5D0DF562BBEEB8700613015 /* AuthRouter.swift */ = {isa = PBXFileReference; lastKnownFileType = sourcecode.swift; path = AuthRouter.swift; sourceTree = "<group>"; };
		B5D0DF572BBEEB8700613015 /* AuthScreen.swift */ = {isa = PBXFileReference; lastKnownFileType = sourcecode.swift; path = AuthScreen.swift; sourceTree = "<group>"; };
		B5D0DF582BBEEB8700613015 /* AuthVC.swift */ = {isa = PBXFileReference; lastKnownFileType = sourcecode.swift; path = AuthVC.swift; sourceTree = "<group>"; };
		B5D0DF592BBEEB8700613015 /* AuthViewModel.swift */ = {isa = PBXFileReference; lastKnownFileType = sourcecode.swift; path = AuthViewModel.swift; sourceTree = "<group>"; };
		B5D0DF5F2BBEEC7100613015 /* TextField.swift */ = {isa = PBXFileReference; lastKnownFileType = sourcecode.swift; path = TextField.swift; sourceTree = "<group>"; };
/* End PBXFileReference section */

/* Begin PBXFrameworksBuildPhase section */
		B5D0DEAA2BBBC67300613015 /* Frameworks */ = {
			isa = PBXFrameworksBuildPhase;
			buildActionMask = 2147483647;
			files = (
				B5D0DF142BBBD30E00613015 /* SDWebImageSVGCoder in Frameworks */,
				B5D0DED22BBBC74D00613015 /* CombineCocoa in Frameworks */,
				B5D0DEDD2BBBCA6700613015 /* SnapKit in Frameworks */,
				B5560A8F2BD2AD4C00F325DF /* Lottie in Frameworks */,
			);
			runOnlyForDeploymentPostprocessing = 0;
		};
/* End PBXFrameworksBuildPhase section */

/* Begin PBXGroup section */
		B54950CC2BCEB2C6000BA280 /* AdressShow */ = {
			isa = PBXGroup;
			children = (
				B5968C4E2BCEB3C400C7E426 /* AdressShowRouter.swift */,
				B5968C4F2BCEB3C400C7E426 /* AdressShowScreen.swift */,
				B5968C502BCEB3C400C7E426 /* AdressShowVC.swift */,
				B5968C512BCEB3C400C7E426 /* AdressShowViewModel.swift */,
			);
			path = AdressShow;
			sourceTree = "<group>";
		};
		B5560A902BD2AD5200F325DF /* Animations */ = {
			isa = PBXGroup;
			children = (
				B5560A912BD2AD5C00F325DF /* splash.json */,
			);
			path = Animations;
			sourceTree = "<group>";
		};
		B55E70CA2BD2620700872D3B /* Orders */ = {
			isa = PBXGroup;
			children = (
				B55E70C22BD261CF00872D3B /* OrdersRouter.swift */,
				B55E70C32BD261CF00872D3B /* OrdersScreen.swift */,
				B55E70C42BD261CF00872D3B /* OrdersVC.swift */,
				B55E70C52BD261CF00872D3B /* OrdersViewModel.swift */,
				B55E70CB2BD262E500872D3B /* OrderCell.swift */,
			);
			path = Orders;
			sourceTree = "<group>";
		};
		B58056162BBFC46E000374E9 /* Preference */ = {
			isa = PBXGroup;
			children = (
				B58056172BBFC47D000374E9 /* Preferences.swift */,
				B58056192BBFC4CF000374E9 /* PreferencesKey.swift */,
			);
			path = Preference;
			sourceTree = "<group>";
		};
		B580561B2BBFD5BC000374E9 /* Profile */ = {
			isa = PBXGroup;
			children = (
				B5968C752BCFAB2B00C7E426 /* ProfileViewer */,
				B580561C2BBFD5C6000374E9 /* ProfileRouter.swift */,
				B580561D2BBFD5C6000374E9 /* ProfileScreen.swift */,
				B580561E2BBFD5C6000374E9 /* ProfileVC.swift */,
				B580561F2BBFD5C6000374E9 /* ProfileViewModel.swift */,
			);
			path = Profile;
			sourceTree = "<group>";
		};
		B58056242BBFDDAA000374E9 /* Promo */ = {
			isa = PBXGroup;
			children = (
				B5968C5E2BCF8ADE00C7E426 /* PromoViewer */,
				B58056252BBFDDB5000374E9 /* PromoRouter.swift */,
				B58056262BBFDDB5000374E9 /* PromoScreen.swift */,
				B58056272BBFDDB5000374E9 /* PromoVC.swift */,
				B58056282BBFDDB5000374E9 /* PromoViewModel.swift */,
				B5968C5C2BCF88B100C7E426 /* PromoCell.swift */,
			);
			path = Promo;
			sourceTree = "<group>";
		};
		B580562D2BBFDE06000374E9 /* Cart */ = {
			isa = PBXGroup;
			children = (
				B580562E2BBFDE10000374E9 /* CartRouter.swift */,
				B580562F2BBFDE10000374E9 /* CartScreen.swift */,
				B58056302BBFDE10000374E9 /* CartVC.swift */,
				B58056312BBFDE10000374E9 /* CartViewModel.swift */,
				B5968C862BD195D500C7E426 /* EmptyView.swift */,
			);
			path = Cart;
			sourceTree = "<group>";
		};
		B58056392BC04BA7000374E9 /* AddressSelect */ = {
			isa = PBXGroup;
			children = (
				B580563A2BC04BD0000374E9 /* AddressSelectRouter.swift */,
				B580563B2BC04BD0000374E9 /* AddressSelectScreen.swift */,
				B580563C2BC04BD0000374E9 /* AddressSelectVC.swift */,
				B580563D2BC04BD0000374E9 /* AddressSelectViewModel.swift */,
				B54950C42BCD636A000BA280 /* LocationService.swift */,
			);
			path = AddressSelect;
			sourceTree = "<group>";
		};
		B5968C5E2BCF8ADE00C7E426 /* PromoViewer */ = {
			isa = PBXGroup;
			children = (
				B5968C5F2BCF8AFF00C7E426 /* PromoViewerRouter.swift */,
				B5968C602BCF8AFF00C7E426 /* PromoViewerScreen.swift */,
				B5968C612BCF8AFF00C7E426 /* PromoViewerVC.swift */,
				B5968C622BCF8AFF00C7E426 /* PromoViewerViewModel.swift */,
			);
			path = PromoViewer;
			sourceTree = "<group>";
		};
		B5968C692BCF982700C7E426 /* Address */ = {
			isa = PBXGroup;
			children = (
				B58056392BC04BA7000374E9 /* AddressSelect */,
				B54950CC2BCEB2C6000BA280 /* AdressShow */,
			);
			path = Address;
			sourceTree = "<group>";
		};
		B5968C6A2BCF986600C7E426 /* Registration */ = {
			isa = PBXGroup;
			children = (
				B5968C6B2BCF986D00C7E426 /* RegistrationRouter.swift */,
				B5968C6C2BCF986D00C7E426 /* RegistrationScreen.swift */,
				B5968C6D2BCF986D00C7E426 /* RegistrationVC.swift */,
				B5968C6E2BCF986D00C7E426 /* RegistrationViewModel.swift */,
			);
			path = Registration;
			sourceTree = "<group>";
		};
		B5968C752BCFAB2B00C7E426 /* ProfileViewer */ = {
			isa = PBXGroup;
			children = (
				B5968C762BCFAB4000C7E426 /* ProfileViewerRouter.swift */,
				B5968C772BCFAB4000C7E426 /* ProfileViewerScreen.swift */,
				B5968C782BCFAB4000C7E426 /* ProfileViewerVC.swift */,
				B5968C792BCFAB4000C7E426 /* ProfileViewerViewModel.swift */,
				B5968C7E2BCFABA500C7E426 /* TextCell.swift */,
			);
			path = ProfileViewer;
			sourceTree = "<group>";
		};
		B5968C882BD22AC600C7E426 /* Order */ = {
			isa = PBXGroup;
			children = (
				B55E70CA2BD2620700872D3B /* Orders */,
				B5B8364D2BD25BAB00F2A9FF /* OrderViewer */,
				B5968C932BD232C400C7E426 /* OrderComplete */,
				B5968C892BD22AD200C7E426 /* OrderRouter.swift */,
				B5968C8A2BD22AD200C7E426 /* OrderScreen.swift */,
				B5968C8B2BD22AD200C7E426 /* OrderVC.swift */,
				B5968C8C2BD22AD200C7E426 /* OrderViewModel.swift */,
			);
			path = Order;
			sourceTree = "<group>";
		};
		B5968C932BD232C400C7E426 /* OrderComplete */ = {
			isa = PBXGroup;
			children = (
				B5968C942BD232D100C7E426 /* OrderCompleteRouter.swift */,
				B5968C952BD232D100C7E426 /* OrderCompleteScreen.swift */,
				B5968C962BD232D100C7E426 /* OrderCompleteVC.swift */,
				B5968C972BD232D100C7E426 /* OrderCompleteViewModel.swift */,
			);
			path = OrderComplete;
			sourceTree = "<group>";
		};
		B5B8364D2BD25BAB00F2A9FF /* OrderViewer */ = {
			isa = PBXGroup;
			children = (
				B55E70B92BD25BE600872D3B /* OrderViewerRouter.swift */,
				B55E70BA2BD25BE600872D3B /* OrderViewerScreen.swift */,
				B55E70BB2BD25BE600872D3B /* OrderViewerVC.swift */,
				B55E70BC2BD25BE600872D3B /* OrderViewerViewModel.swift */,
			);
			path = OrderViewer;
			sourceTree = "<group>";
		};
		B5D0DEA42BBBC67300613015 = {
			isa = PBXGroup;
			children = (
				B5D0DEAF2BBBC67300613015 /* Shaverma */,
				B5D0DEAE2BBBC67300613015 /* Products */,
			);
			sourceTree = "<group>";
		};
		B5D0DEAE2BBBC67300613015 /* Products */ = {
			isa = PBXGroup;
			children = (
				B5D0DEAD2BBBC67300613015 /* Shaverma.app */,
			);
			name = Products;
			sourceTree = "<group>";
		};
		B5D0DEAF2BBBC67300613015 /* Shaverma */ = {
			isa = PBXGroup;
			children = (
				B5D0DEC42BBBC68700613015 /* App */,
				B5D0DF1A2BBBE4AC00613015 /* Network */,
				B5D0DED82BBBC7F200613015 /* Helpers */,
				B5D0DEC52BBBC69500613015 /* Screens */,
				B5D0DEC62BBBC69C00613015 /* Resources */,
				B5D0DED72BBBC7E300613015 /* Components */,
			);
			path = Shaverma;
			sourceTree = "<group>";
		};
		B5D0DEC42BBBC68700613015 /* App */ = {
			isa = PBXGroup;
			children = (
				B5D0DEB02BBBC67300613015 /* AppDelegate.swift */,
				B5968C842BD1768400C7E426 /* CartStorage.swift */,
				B5D0DEB22BBBC67300613015 /* SceneDelegate.swift */,
			);
			path = App;
			sourceTree = "<group>";
		};
		B5D0DEC52BBBC69500613015 /* Screens */ = {
			isa = PBXGroup;
			children = (
				B5968C882BD22AC600C7E426 /* Order */,
				B5968C6A2BCF986600C7E426 /* Registration */,
				B5968C692BCF982700C7E426 /* Address */,
				B580562D2BBFDE06000374E9 /* Cart */,
				B58056242BBFDDAA000374E9 /* Promo */,
				B580561B2BBFD5BC000374E9 /* Profile */,
				B5D0DF092BBBCD5100613015 /* Launch */,
				B5D0DECF2BBBC73B00613015 /* Main */,
				B5D0DF192BBBE46200613015 /* ProductTable */,
				B5D0DF532BBEEB6B00613015 /* Tabbar */,
				B5D0DF5E2BBEEB8B00613015 /* Auth */,
			);
			path = Screens;
			sourceTree = "<group>";
		};
		B5D0DEC62BBBC69C00613015 /* Resources */ = {
			isa = PBXGroup;
			children = (
				B5560A902BD2AD5200F325DF /* Animations */,
				B5D0DF2A2BBEE4F900613015 /* Font */,
				B5D0DED92BBBC97100613015 /* Assets+Generated.swift */,
				B5D0DEB92BBBC67400613015 /* Assets.xcassets */,
				B5D0DEBE2BBBC67400613015 /* Info.plist */,
			);
			path = Resources;
			sourceTree = "<group>";
		};
		B5D0DECF2BBBC73B00613015 /* Main */ = {
			isa = PBXGroup;
			children = (
				B5D0DEC72BBBC73500613015 /* MainRouter.swift */,
				B5D0DEC82BBBC73500613015 /* MainScreen.swift */,
				B5D0DEC92BBBC73500613015 /* MainVC.swift */,
				B5D0DECA2BBBC73500613015 /* MainViewModel.swift */,
			);
			path = Main;
			sourceTree = "<group>";
		};
		B5D0DED72BBBC7E300613015 /* Components */ = {
			isa = PBXGroup;
			children = (
				B5D0DF212BBBF75300613015 /* CardCollectionView.swift */,
				B5968C562BCEBC0B00C7E426 /* LoaderView.swift */,
				B5968C672BCF8D4400C7E426 /* ScrollStack.swift */,
				B5968C582BCEBC5F00C7E426 /* BlurView.swift */,
				B5D0DF0B2BBBCDBD00613015 /* Button.swift */,
				B5D0DF0D2BBBCDBE00613015 /* Component.swift */,
				B5D0DF152BBBD3A800613015 /* SpinerView.swift */,
				B5D0DF0A2BBBCDBD00613015 /* PageIndicator.swift */,
				B5D0DED52BBBC7D500613015 /* NavigationBar.swift */,
				B5D0DF5F2BBEEC7100613015 /* TextField.swift */,
				B58056142BBFBF5C000374E9 /* Toast.swift */,
			);
			path = Components;
			sourceTree = "<group>";
		};
		B5D0DED82BBBC7F200613015 /* Helpers */ = {
			isa = PBXGroup;
			children = (
				B58056162BBFC46E000374E9 /* Preference */,
				B5D0DEE42BBBCA8700613015 /* Encodable.swift */,
				B5D0DEE12BBBCA8700613015 /* Int.swift */,
				B5D0DEE32BBBCA8700613015 /* Sequence.swift */,
				B5D0DEE22BBBCA8700613015 /* String.swift */,
				B5D0DEE02BBBCA8600613015 /* TimeInterval.swift */,
				B5D0DEEB2BBBCA8C00613015 /* Collection+UIView.swift */,
				B5D0DEEC2BBBCA8C00613015 /* Haptic.swift */,
				B5D0DEEA2BBBCA8C00613015 /* SmallButton.swift */,
				B5D0DF062BBBCAAB00613015 /* Extensions */,
				B5D0DED32BBBC7A400613015 /* Navigator.swift */,
			);
			path = Helpers;
			sourceTree = "<group>";
		};
		B5D0DF062BBBCAAB00613015 /* Extensions */ = {
			isa = PBXGroup;
			children = (
				B5D0DEF32BBBCA9300613015 /* Stylable.swift */,
				B5D0DEF22BBBCA9300613015 /* UIButton+Stylable.swift */,
				B54950C62BCE4779000BA280 /* MKPointAnnotation.swift */,
				B5D0DEF12BBBCA9300613015 /* UICollectionView+Stylable.swift */,
				B5D0DEF02BBBCA9300613015 /* UIView+Stylable.swift */,
				B5D0DEFC2BBBCA9C00613015 /* UIButton.swift */,
				B5D0DEFD2BBBCA9C00613015 /* UIColor.swift */,
				B5D0DEFB2BBBCA9C00613015 /* UIImageView.swift */,
				B5D0DEFE2BBBCA9C00613015 /* UILabel.swift */,
				B5D0DEFA2BBBCA9C00613015 /* UIPasteboard.swift */,
				B5D0DEF82BBBCA9C00613015 /* UISlider.swift */,
				B5D0DEF92BBBCA9C00613015 /* UIStackView.swift */,
			);
			path = Extensions;
			sourceTree = "<group>";
		};
		B5D0DF092BBBCD5100613015 /* Launch */ = {
			isa = PBXGroup;
			children = (
				B5D0DEBB2BBBC67400613015 /* LaunchScreen.storyboard */,
				B5560A8B2BD2AB7C00F325DF /* SplashVC.swift */,
			);
			path = Launch;
			sourceTree = "<group>";
		};
		B5D0DF192BBBE46200613015 /* ProductTable */ = {
			isa = PBXGroup;
			children = (
				B5D0DF172BBBD74E00613015 /* TableVC.swift */,
				B5D0DF1F2BBBEE6F00613015 /* ProductCell.swift */,
			);
			path = ProductTable;
			sourceTree = "<group>";
		};
		B5D0DF1A2BBBE4AC00613015 /* Network */ = {
			isa = PBXGroup;
			children = (
				B5D0DF252BBC532500613015 /* Models */,
				B5D0DF262BBC533700613015 /* NetworkService.swift */,
				B5D0DF282BBC536C00613015 /* ShavermaAPI.swift */,
			);
			path = Network;
			sourceTree = "<group>";
		};
		B5D0DF252BBC532500613015 /* Models */ = {
			isa = PBXGroup;
			children = (
				B5D0DF1B2BBBE4B900613015 /* Category.swift */,
				B5968C822BD1752C00C7E426 /* CartResponse.swift */,
				B5968C912BD2317500C7E426 /* OrderResponse.swift */,
				B5968C732BCF9F1100C7E426 /* RegisterRequest.swift */,
				B5968C5A2BCF881900C7E426 /* PromoResponse.swift */,
				B5968C802BCFACB800C7E426 /* UserResponse.swift */,
				B54950CA2BCEAC08000BA280 /* ErrorResponse.swift */,
				B5D0DF1D2BBBE79C00613015 /* ProductResponse.swift */,
				B54950C82BCE55AD000BA280 /* AddressResponse.swift */,
			);
			path = Models;
			sourceTree = "<group>";
		};
		B5D0DF2A2BBEE4F900613015 /* Font */ = {
			isa = PBXGroup;
			children = (
				B5D0DF4F2BBEE76800613015 /* Fonts.swift */,
				B5D0DF372BBEE51D00613015 /* MontserratAlternates-Black.ttf */,
				B5D0DF2D2BBEE51D00613015 /* MontserratAlternates-BlackItalic.ttf */,
				B5D0DF332BBEE51D00613015 /* MontserratAlternates-Bold.ttf */,
				B5D0DF2E2BBEE51D00613015 /* MontserratAlternates-BoldItalic.ttf */,
				B5D0DF2F2BBEE51D00613015 /* MontserratAlternates-ExtraBold.ttf */,
				B5D0DF322BBEE51D00613015 /* MontserratAlternates-ExtraBoldItalic.ttf */,
				B5D0DF2B2BBEE51D00613015 /* MontserratAlternates-ExtraLight.ttf */,
				B5D0DF2C2BBEE51D00613015 /* MontserratAlternates-ExtraLightItalic.ttf */,
				B5D0DF352BBEE51D00613015 /* MontserratAlternates-Italic.ttf */,
				B5D0DF362BBEE51D00613015 /* MontserratAlternates-Light.ttf */,
				B5D0DF382BBEE51E00613015 /* MontserratAlternates-LightItalic.ttf */,
				B5D0DF342BBEE51D00613015 /* MontserratAlternates-Medium.ttf */,
				B5D0DF392BBEE51E00613015 /* MontserratAlternates-MediumItalic.ttf */,
				B5D0DF3A2BBEE51E00613015 /* MontserratAlternates-Regular.ttf */,
				B5D0DF302BBEE51D00613015 /* MontserratAlternates-SemiBold.ttf */,
				B5D0DF312BBEE51D00613015 /* MontserratAlternates-SemiBoldItalic.ttf */,
				B5D0DF3B2BBEE51E00613015 /* MontserratAlternates-Thin.ttf */,
				B5D0DF3C2BBEE51E00613015 /* MontserratAlternates-ThinItalic.ttf */,
				B5D0DF512BBEE7B500613015 /* MonserratFont.swift */,
			);
			path = Font;
			sourceTree = "<group>";
		};
		B5D0DF532BBEEB6B00613015 /* Tabbar */ = {
			isa = PBXGroup;
			children = (
				B5D0DF232BBC0D1500613015 /* Tabbar.swift */,
			);
			path = Tabbar;
			sourceTree = "<group>";
		};
		B5D0DF5E2BBEEB8B00613015 /* Auth */ = {
			isa = PBXGroup;
			children = (
				B5D0DF562BBEEB8700613015 /* AuthRouter.swift */,
				B5D0DF572BBEEB8700613015 /* AuthScreen.swift */,
				B5D0DF582BBEEB8700613015 /* AuthVC.swift */,
				B5D0DF592BBEEB8700613015 /* AuthViewModel.swift */,
			);
			path = Auth;
			sourceTree = "<group>";
		};
/* End PBXGroup section */

/* Begin PBXNativeTarget section */
		B5D0DEAC2BBBC67300613015 /* Shaverma */ = {
			isa = PBXNativeTarget;
			buildConfigurationList = B5D0DEC12BBBC67400613015 /* Build configuration list for PBXNativeTarget "Shaverma" */;
			buildPhases = (
				B5D0DEA92BBBC67300613015 /* Sources */,
				B5D0DEAA2BBBC67300613015 /* Frameworks */,
				B5D0DEAB2BBBC67300613015 /* Resources */,
			);
			buildRules = (
			);
			dependencies = (
			);
			name = Shaverma;
			packageProductDependencies = (
				B5D0DED12BBBC74D00613015 /* CombineCocoa */,
				B5D0DEDC2BBBCA6700613015 /* SnapKit */,
				B5D0DF132BBBD30E00613015 /* SDWebImageSVGCoder */,
				B5560A8E2BD2AD4C00F325DF /* Lottie */,
			);
			productName = Shaverma;
			productReference = B5D0DEAD2BBBC67300613015 /* Shaverma.app */;
			productType = "com.apple.product-type.application";
		};
/* End PBXNativeTarget section */

/* Begin PBXProject section */
		B5D0DEA52BBBC67300613015 /* Project object */ = {
			isa = PBXProject;
			attributes = {
				BuildIndependentTargetsInParallel = 1;
				LastSwiftUpdateCheck = 1500;
				LastUpgradeCheck = 1500;
				TargetAttributes = {
					B5D0DEAC2BBBC67300613015 = {
						CreatedOnToolsVersion = 15.0;
					};
				};
			};
			buildConfigurationList = B5D0DEA82BBBC67300613015 /* Build configuration list for PBXProject "Shaverma" */;
			compatibilityVersion = "Xcode 14.0";
			developmentRegion = en;
			hasScannedForEncodings = 0;
			knownRegions = (
				en,
				Base,
			);
			mainGroup = B5D0DEA42BBBC67300613015;
			packageReferences = (
				B5D0DED02BBBC74D00613015 /* XCRemoteSwiftPackageReference "CombineCocoa" */,
				B5D0DEDB2BBBCA6700613015 /* XCRemoteSwiftPackageReference "SnapKit" */,
				B5D0DF122BBBD30E00613015 /* XCRemoteSwiftPackageReference "SDWebImageSVGCoder" */,
				B5560A8D2BD2AD4C00F325DF /* XCRemoteSwiftPackageReference "lottie-spm" */,
			);
			productRefGroup = B5D0DEAE2BBBC67300613015 /* Products */;
			projectDirPath = "";
			projectRoot = "";
			targets = (
				B5D0DEAC2BBBC67300613015 /* Shaverma */,
			);
		};
/* End PBXProject section */

/* Begin PBXResourcesBuildPhase section */
		B5D0DEAB2BBBC67300613015 /* Resources */ = {
			isa = PBXResourcesBuildPhase;
			buildActionMask = 2147483647;
			files = (
				B5D0DF402BBEE52400613015 /* MontserratAlternates-ExtraLightItalic.ttf in Resources */,
				B5D0DF4C2BBEE52400613015 /* MontserratAlternates-ThinItalic.ttf in Resources */,
				B5D0DF472BBEE52400613015 /* MontserratAlternates-Light.ttf in Resources */,
				B5D0DEBD2BBBC67400613015 /* LaunchScreen.storyboard in Resources */,
				B5D0DF4B2BBEE52400613015 /* MontserratAlternates-BlackItalic.ttf in Resources */,
				B5D0DF4E2BBEE52400613015 /* MontserratAlternates-SemiBold.ttf in Resources */,
				B5D0DEBA2BBBC67400613015 /* Assets.xcassets in Resources */,
				B5D0DF492BBEE52400613015 /* MontserratAlternates-Bold.ttf in Resources */,
				B5D0DF3E2BBEE52400613015 /* MontserratAlternates-ExtraLight.ttf in Resources */,
				B5D0DF452BBEE52400613015 /* MontserratAlternates-ExtraBold.ttf in Resources */,
				B5D0DF4D2BBEE52400613015 /* MontserratAlternates-BoldItalic.ttf in Resources */,
				B5D0DF4A2BBEE52400613015 /* MontserratAlternates-SemiBoldItalic.ttf in Resources */,
				B5560A922BD2AD5C00F325DF /* splash.json in Resources */,
				B5D0DF3D2BBEE52400613015 /* MontserratAlternates-Black.ttf in Resources */,
				B5D0DF422BBEE52400613015 /* MontserratAlternates-LightItalic.ttf in Resources */,
				B5D0DF412BBEE52400613015 /* MontserratAlternates-Italic.ttf in Resources */,
				B5D0DF432BBEE52400613015 /* MontserratAlternates-MediumItalic.ttf in Resources */,
				B5D0DF442BBEE52400613015 /* MontserratAlternates-Regular.ttf in Resources */,
				B5D0DF3F2BBEE52400613015 /* MontserratAlternates-ExtraBoldItalic.ttf in Resources */,
				B5D0DF462BBEE52400613015 /* MontserratAlternates-Thin.ttf in Resources */,
				B5D0DF482BBEE52400613015 /* MontserratAlternates-Medium.ttf in Resources */,
			);
			runOnlyForDeploymentPostprocessing = 0;
		};
/* End PBXResourcesBuildPhase section */

/* Begin PBXSourcesBuildPhase section */
		B5D0DEA92BBBC67300613015 /* Sources */ = {
			isa = PBXSourcesBuildPhase;
			buildActionMask = 2147483647;
			files = (
				B5D0DF5C2BBEEB8700613015 /* AuthVC.swift in Sources */,
				B58056152BBFBF5C000374E9 /* Toast.swift in Sources */,
				B5D0DF182BBBD74E00613015 /* TableVC.swift in Sources */,
				B5D0DED42BBBC7A400613015 /* Navigator.swift in Sources */,
				B54950C92BCE55AD000BA280 /* AddressResponse.swift in Sources */,
				B5D0DF522BBEE7B500613015 /* MonserratFont.swift in Sources */,
				B58056222BBFD5C6000374E9 /* ProfileVC.swift in Sources */,
				B5D0DEE82BBBCA8700613015 /* Int.swift in Sources */,
				B55E70BD2BD25BE600872D3B /* OrderViewerRouter.swift in Sources */,
				B55E70BE2BD25BE600872D3B /* OrderViewerScreen.swift in Sources */,
				B55E70BF2BD25BE600872D3B /* OrderViewerVC.swift in Sources */,
				B55E70C02BD25BE600872D3B /* OrderViewerViewModel.swift in Sources */,
				B55E70CC2BD262E500872D3B /* OrderCell.swift in Sources */,
				B5560A8C2BD2AB7C00F325DF /* SplashVC.swift in Sources */,
				B54950C72BCE4779000BA280 /* MKPointAnnotation.swift in Sources */,
				B5D0DEEE2BBBCA8C00613015 /* Collection+UIView.swift in Sources */,
				B5D0DEE62BBBCA8700613015 /* String.swift in Sources */,
				B54950C52BCD636A000BA280 /* LocationService.swift in Sources */,
				B580562B2BBFDDB5000374E9 /* PromoVC.swift in Sources */,
				B5D0DF112BBBCDBE00613015 /* Component.swift in Sources */,
				B58056402BC04BD0000374E9 /* AddressSelectVC.swift in Sources */,
				B5D0DECC2BBBC73500613015 /* MainScreen.swift in Sources */,
				B5D0DF0F2BBBCDBE00613015 /* Button.swift in Sources */,
				B5D0DECD2BBBC73500613015 /* MainVC.swift in Sources */,
				B5D0DF022BBBCA9C00613015 /* UIImageView.swift in Sources */,
				B5D0DED62BBBC7D500613015 /* NavigationBar.swift in Sources */,
				B58056322BBFDE10000374E9 /* CartRouter.swift in Sources */,
				B580562C2BBFDDB5000374E9 /* PromoViewModel.swift in Sources */,
				B5968C5B2BCF881900C7E426 /* PromoResponse.swift in Sources */,
				B5968C5D2BCF88B100C7E426 /* PromoCell.swift in Sources */,
				B580561A2BBFC4CF000374E9 /* PreferencesKey.swift in Sources */,
				B5D0DF242BBC0D1500613015 /* Tabbar.swift in Sources */,
				B5968C632BCF8AFF00C7E426 /* PromoViewerRouter.swift in Sources */,
				B5968C982BD232D100C7E426 /* OrderCompleteRouter.swift in Sources */,
				B5968C992BD232D100C7E426 /* OrderCompleteScreen.swift in Sources */,
				B5968C9A2BD232D100C7E426 /* OrderCompleteVC.swift in Sources */,
				B5968C9B2BD232D100C7E426 /* OrderCompleteViewModel.swift in Sources */,
				B5968C642BCF8AFF00C7E426 /* PromoViewerScreen.swift in Sources */,
				B5968C652BCF8AFF00C7E426 /* PromoViewerVC.swift in Sources */,
				B5968C662BCF8AFF00C7E426 /* PromoViewerViewModel.swift in Sources */,
				B5D0DF5B2BBEEB8700613015 /* AuthScreen.swift in Sources */,
				B58056342BBFDE10000374E9 /* CartVC.swift in Sources */,
				B5968C522BCEB3C400C7E426 /* AdressShowRouter.swift in Sources */,
				B5968C532BCEB3C400C7E426 /* AdressShowScreen.swift in Sources */,
				B5968C542BCEB3C400C7E426 /* AdressShowVC.swift in Sources */,
				B5968C552BCEB3C400C7E426 /* AdressShowViewModel.swift in Sources */,
				B5D0DF1C2BBBE4B900613015 /* Category.swift in Sources */,
				B55E70C62BD261CF00872D3B /* OrdersRouter.swift in Sources */,
				B55E70C72BD261CF00872D3B /* OrdersScreen.swift in Sources */,
				B55E70C82BD261CF00872D3B /* OrdersVC.swift in Sources */,
				B55E70C92BD261CF00872D3B /* OrdersViewModel.swift in Sources */,
				B5968C812BCFACB800C7E426 /* UserResponse.swift in Sources */,
				B5D0DEF52BBBCA9300613015 /* UICollectionView+Stylable.swift in Sources */,
				B5D0DF032BBBCA9C00613015 /* UIColor.swift in Sources */,
				B5D0DEED2BBBCA8C00613015 /* Haptic.swift in Sources */,
				B58056352BBFDE10000374E9 /* CartViewModel.swift in Sources */,
				B5D0DEB12BBBC67300613015 /* AppDelegate.swift in Sources */,
				B5968C852BD1768400C7E426 /* CartStorage.swift in Sources */,
				B5D0DF602BBEEC7100613015 /* TextField.swift in Sources */,
				B5D0DF042BBBCA9C00613015 /* UIPasteboard.swift in Sources */,
				B5968C7A2BCFAB4000C7E426 /* ProfileViewerRouter.swift in Sources */,
				B5968C7B2BCFAB4000C7E426 /* ProfileViewerScreen.swift in Sources */,
				B5968C7C2BCFAB4000C7E426 /* ProfileViewerVC.swift in Sources */,
				B5968C922BD2317500C7E426 /* OrderResponse.swift in Sources */,
				B5968C7D2BCFAB4000C7E426 /* ProfileViewerViewModel.swift in Sources */,
				B58056202BBFD5C6000374E9 /* ProfileRouter.swift in Sources */,
				B580563E2BC04BD0000374E9 /* AddressSelectRouter.swift in Sources */,
				B5D0DEE92BBBCA8700613015 /* TimeInterval.swift in Sources */,
				B58056292BBFDDB5000374E9 /* PromoRouter.swift in Sources */,
				B5D0DF502BBEE76800613015 /* Fonts.swift in Sources */,
				B5D0DF012BBBCA9C00613015 /* UIButton.swift in Sources */,
				B5D0DEDA2BBBC97100613015 /* Assets+Generated.swift in Sources */,
				B58056232BBFD5C6000374E9 /* ProfileViewModel.swift in Sources */,
				B5D0DF292BBC536C00613015 /* ShavermaAPI.swift in Sources */,
				B5968C572BCEBC0B00C7E426 /* LoaderView.swift in Sources */,
				B580562A2BBFDDB5000374E9 /* PromoScreen.swift in Sources */,
				B5D0DEF72BBBCA9300613015 /* Stylable.swift in Sources */,
				B5D0DEE72BBBCA8700613015 /* Encodable.swift in Sources */,
				B5D0DF002BBBCA9C00613015 /* UISlider.swift in Sources */,
				B5D0DEFF2BBBCA9C00613015 /* UILabel.swift in Sources */,
				B5D0DEB32BBBC67300613015 /* SceneDelegate.swift in Sources */,
				B5D0DF222BBBF75300613015 /* CardCollectionView.swift in Sources */,
				B5D0DF5A2BBEEB8700613015 /* AuthRouter.swift in Sources */,
				B5D0DF162BBBD3A900613015 /* SpinerView.swift in Sources */,
				B58056182BBFC47D000374E9 /* Preferences.swift in Sources */,
				B5D0DECB2BBBC73500613015 /* MainRouter.swift in Sources */,
				B5D0DF1E2BBBE79C00613015 /* ProductResponse.swift in Sources */,
				B54950CB2BCEAC08000BA280 /* ErrorResponse.swift in Sources */,
				B5D0DEE52BBBCA8700613015 /* Sequence.swift in Sources */,
				B5D0DF052BBBCA9C00613015 /* UIStackView.swift in Sources */,
				B5968C8D2BD22AD200C7E426 /* OrderRouter.swift in Sources */,
				B5968C8E2BD22AD200C7E426 /* OrderScreen.swift in Sources */,
				B5968C8F2BD22AD200C7E426 /* OrderVC.swift in Sources */,
				B5968C902BD22AD200C7E426 /* OrderViewModel.swift in Sources */,
				B5968C7F2BCFABA500C7E426 /* TextCell.swift in Sources */,
				B58056212BBFD5C6000374E9 /* ProfileScreen.swift in Sources */,
				B58056412BC04BD0000374E9 /* AddressSelectViewModel.swift in Sources */,
				B5D0DEF62BBBCA9300613015 /* UIView+Stylable.swift in Sources */,
				B5D0DECE2BBBC73500613015 /* MainViewModel.swift in Sources */,
				B5D0DF5D2BBEEB8700613015 /* AuthViewModel.swift in Sources */,
				B5D0DEEF2BBBCA8C00613015 /* SmallButton.swift in Sources */,
				B580563F2BC04BD0000374E9 /* AddressSelectScreen.swift in Sources */,
				B5D0DF202BBBEE6F00613015 /* ProductCell.swift in Sources */,
				B5D0DF0E2BBBCDBE00613015 /* PageIndicator.swift in Sources */,
				B5968C832BD1752C00C7E426 /* CartResponse.swift in Sources */,
				B5968C742BCF9F1100C7E426 /* RegisterRequest.swift in Sources */,
				B58056332BBFDE10000374E9 /* CartScreen.swift in Sources */,
				B5968C682BCF8D4400C7E426 /* ScrollStack.swift in Sources */,
				B5968C872BD195D500C7E426 /* EmptyView.swift in Sources */,
				B5968C592BCEBC5F00C7E426 /* BlurView.swift in Sources */,
				B5968C6F2BCF986D00C7E426 /* RegistrationRouter.swift in Sources */,
				B5968C702BCF986D00C7E426 /* RegistrationScreen.swift in Sources */,
				B5968C712BCF986D00C7E426 /* RegistrationVC.swift in Sources */,
				B5968C722BCF986D00C7E426 /* RegistrationViewModel.swift in Sources */,
				B5D0DF272BBC533700613015 /* NetworkService.swift in Sources */,
				B5D0DEF42BBBCA9300613015 /* UIButton+Stylable.swift in Sources */,
			);
			runOnlyForDeploymentPostprocessing = 0;
		};
/* End PBXSourcesBuildPhase section */

/* Begin PBXVariantGroup section */
		B5D0DEBB2BBBC67400613015 /* LaunchScreen.storyboard */ = {
			isa = PBXVariantGroup;
			children = (
				B5D0DEBC2BBBC67400613015 /* Base */,
			);
			name = LaunchScreen.storyboard;
			sourceTree = "<group>";
		};
/* End PBXVariantGroup section */

/* Begin XCBuildConfiguration section */
		B5D0DEBF2BBBC67400613015 /* Debug */ = {
			isa = XCBuildConfiguration;
			buildSettings = {
				ALWAYS_SEARCH_USER_PATHS = NO;
				ASSETCATALOG_COMPILER_GENERATE_SWIFT_ASSET_SYMBOL_EXTENSIONS = YES;
				CLANG_ANALYZER_NONNULL = YES;
				CLANG_ANALYZER_NUMBER_OBJECT_CONVERSION = YES_AGGRESSIVE;
				CLANG_CXX_LANGUAGE_STANDARD = "gnu++20";
				CLANG_ENABLE_MODULES = YES;
				CLANG_ENABLE_OBJC_ARC = YES;
				CLANG_ENABLE_OBJC_WEAK = YES;
				CLANG_WARN_BLOCK_CAPTURE_AUTORELEASING = YES;
				CLANG_WARN_BOOL_CONVERSION = YES;
				CLANG_WARN_COMMA = YES;
				CLANG_WARN_CONSTANT_CONVERSION = YES;
				CLANG_WARN_DEPRECATED_OBJC_IMPLEMENTATIONS = YES;
				CLANG_WARN_DIRECT_OBJC_ISA_USAGE = YES_ERROR;
				CLANG_WARN_DOCUMENTATION_COMMENTS = YES;
				CLANG_WARN_EMPTY_BODY = YES;
				CLANG_WARN_ENUM_CONVERSION = YES;
				CLANG_WARN_INFINITE_RECURSION = YES;
				CLANG_WARN_INT_CONVERSION = YES;
				CLANG_WARN_NON_LITERAL_NULL_CONVERSION = YES;
				CLANG_WARN_OBJC_IMPLICIT_RETAIN_SELF = YES;
				CLANG_WARN_OBJC_LITERAL_CONVERSION = YES;
				CLANG_WARN_OBJC_ROOT_CLASS = YES_ERROR;
				CLANG_WARN_QUOTED_INCLUDE_IN_FRAMEWORK_HEADER = YES;
				CLANG_WARN_RANGE_LOOP_ANALYSIS = YES;
				CLANG_WARN_STRICT_PROTOTYPES = YES;
				CLANG_WARN_SUSPICIOUS_MOVE = YES;
				CLANG_WARN_UNGUARDED_AVAILABILITY = YES_AGGRESSIVE;
				CLANG_WARN_UNREACHABLE_CODE = YES;
				CLANG_WARN__DUPLICATE_METHOD_MATCH = YES;
				COPY_PHASE_STRIP = NO;
				DEBUG_INFORMATION_FORMAT = dwarf;
				ENABLE_STRICT_OBJC_MSGSEND = YES;
				ENABLE_TESTABILITY = YES;
				ENABLE_USER_SCRIPT_SANDBOXING = YES;
				GCC_C_LANGUAGE_STANDARD = gnu17;
				GCC_DYNAMIC_NO_PIC = NO;
				GCC_NO_COMMON_BLOCKS = YES;
				GCC_OPTIMIZATION_LEVEL = 0;
				GCC_PREPROCESSOR_DEFINITIONS = (
					"DEBUG=1",
					"$(inherited)",
				);
				GCC_WARN_64_TO_32_BIT_CONVERSION = YES;
				GCC_WARN_ABOUT_RETURN_TYPE = YES_ERROR;
				GCC_WARN_UNDECLARED_SELECTOR = YES;
				GCC_WARN_UNINITIALIZED_AUTOS = YES_AGGRESSIVE;
				GCC_WARN_UNUSED_FUNCTION = YES;
				GCC_WARN_UNUSED_VARIABLE = YES;
				IPHONEOS_DEPLOYMENT_TARGET = 17.0;
				LOCALIZATION_PREFERS_STRING_CATALOGS = YES;
				MTL_ENABLE_DEBUG_INFO = INCLUDE_SOURCE;
				MTL_FAST_MATH = YES;
				ONLY_ACTIVE_ARCH = YES;
				SDKROOT = iphoneos;
				SWIFT_ACTIVE_COMPILATION_CONDITIONS = "DEBUG $(inherited)";
				SWIFT_OPTIMIZATION_LEVEL = "-Onone";
			};
			name = Debug;
		};
		B5D0DEC02BBBC67400613015 /* Release */ = {
			isa = XCBuildConfiguration;
			buildSettings = {
				ALWAYS_SEARCH_USER_PATHS = NO;
				ASSETCATALOG_COMPILER_GENERATE_SWIFT_ASSET_SYMBOL_EXTENSIONS = YES;
				CLANG_ANALYZER_NONNULL = YES;
				CLANG_ANALYZER_NUMBER_OBJECT_CONVERSION = YES_AGGRESSIVE;
				CLANG_CXX_LANGUAGE_STANDARD = "gnu++20";
				CLANG_ENABLE_MODULES = YES;
				CLANG_ENABLE_OBJC_ARC = YES;
				CLANG_ENABLE_OBJC_WEAK = YES;
				CLANG_WARN_BLOCK_CAPTURE_AUTORELEASING = YES;
				CLANG_WARN_BOOL_CONVERSION = YES;
				CLANG_WARN_COMMA = YES;
				CLANG_WARN_CONSTANT_CONVERSION = YES;
				CLANG_WARN_DEPRECATED_OBJC_IMPLEMENTATIONS = YES;
				CLANG_WARN_DIRECT_OBJC_ISA_USAGE = YES_ERROR;
				CLANG_WARN_DOCUMENTATION_COMMENTS = YES;
				CLANG_WARN_EMPTY_BODY = YES;
				CLANG_WARN_ENUM_CONVERSION = YES;
				CLANG_WARN_INFINITE_RECURSION = YES;
				CLANG_WARN_INT_CONVERSION = YES;
				CLANG_WARN_NON_LITERAL_NULL_CONVERSION = YES;
				CLANG_WARN_OBJC_IMPLICIT_RETAIN_SELF = YES;
				CLANG_WARN_OBJC_LITERAL_CONVERSION = YES;
				CLANG_WARN_OBJC_ROOT_CLASS = YES_ERROR;
				CLANG_WARN_QUOTED_INCLUDE_IN_FRAMEWORK_HEADER = YES;
				CLANG_WARN_RANGE_LOOP_ANALYSIS = YES;
				CLANG_WARN_STRICT_PROTOTYPES = YES;
				CLANG_WARN_SUSPICIOUS_MOVE = YES;
				CLANG_WARN_UNGUARDED_AVAILABILITY = YES_AGGRESSIVE;
				CLANG_WARN_UNREACHABLE_CODE = YES;
				CLANG_WARN__DUPLICATE_METHOD_MATCH = YES;
				COPY_PHASE_STRIP = NO;
				DEBUG_INFORMATION_FORMAT = "dwarf-with-dsym";
				ENABLE_NS_ASSERTIONS = NO;
				ENABLE_STRICT_OBJC_MSGSEND = YES;
				ENABLE_USER_SCRIPT_SANDBOXING = YES;
				GCC_C_LANGUAGE_STANDARD = gnu17;
				GCC_NO_COMMON_BLOCKS = YES;
				GCC_WARN_64_TO_32_BIT_CONVERSION = YES;
				GCC_WARN_ABOUT_RETURN_TYPE = YES_ERROR;
				GCC_WARN_UNDECLARED_SELECTOR = YES;
				GCC_WARN_UNINITIALIZED_AUTOS = YES_AGGRESSIVE;
				GCC_WARN_UNUSED_FUNCTION = YES;
				GCC_WARN_UNUSED_VARIABLE = YES;
				IPHONEOS_DEPLOYMENT_TARGET = 17.0;
				LOCALIZATION_PREFERS_STRING_CATALOGS = YES;
				MTL_ENABLE_DEBUG_INFO = NO;
				MTL_FAST_MATH = YES;
				SDKROOT = iphoneos;
				SWIFT_COMPILATION_MODE = wholemodule;
				VALIDATE_PRODUCT = YES;
			};
			name = Release;
		};
		B5D0DEC22BBBC67400613015 /* Debug */ = {
			isa = XCBuildConfiguration;
			buildSettings = {
				ASSETCATALOG_COMPILER_APPICON_NAME = AppIcon;
				ASSETCATALOG_COMPILER_GLOBAL_ACCENT_COLOR_NAME = AccentColor;
				CODE_SIGN_IDENTITY = "Apple Development";
				CODE_SIGN_STYLE = Automatic;
				CURRENT_PROJECT_VERSION = 1;
				DEVELOPMENT_TEAM = ND4GF58L8N;
				GENERATE_INFOPLIST_FILE = YES;
				INFOPLIST_FILE = Shaverma/Resources/Info.plist;
				INFOPLIST_KEY_UIApplicationSupportsIndirectInputEvents = YES;
				INFOPLIST_KEY_UILaunchStoryboardName = LaunchScreen;
				INFOPLIST_KEY_UISupportedInterfaceOrientations_iPad = "UIInterfaceOrientationPortrait UIInterfaceOrientationPortraitUpsideDown UIInterfaceOrientationLandscapeLeft UIInterfaceOrientationLandscapeRight";
				INFOPLIST_KEY_UISupportedInterfaceOrientations_iPhone = "UIInterfaceOrientationPortrait UIInterfaceOrientationLandscapeLeft UIInterfaceOrientationLandscapeRight";
				IPHONEOS_DEPLOYMENT_TARGET = 14.4;
				LD_RUNPATH_SEARCH_PATHS = (
					"$(inherited)",
					"@executable_path/Frameworks",
				);
				MARKETING_VERSION = 1.0;
				PRODUCT_BUNDLE_IDENTIFIER = com.mustdev.vkr;
				PRODUCT_NAME = "$(TARGET_NAME)";
				PROVISIONING_PROFILE_SPECIFIER = "";
				SWIFT_EMIT_LOC_STRINGS = YES;
				SWIFT_VERSION = 5.0;
				TARGETED_DEVICE_FAMILY = "1,2";
			};
			name = Debug;
		};
		B5D0DEC32BBBC67400613015 /* Release */ = {
			isa = XCBuildConfiguration;
			buildSettings = {
				ASSETCATALOG_COMPILER_APPICON_NAME = AppIcon;
				ASSETCATALOG_COMPILER_GLOBAL_ACCENT_COLOR_NAME = AccentColor;
				CODE_SIGN_IDENTITY = "Apple Development";
				CODE_SIGN_STYLE = Automatic;
				CURRENT_PROJECT_VERSION = 1;
				DEVELOPMENT_TEAM = ND4GF58L8N;
				GENERATE_INFOPLIST_FILE = YES;
				INFOPLIST_FILE = Shaverma/Resources/Info.plist;
				INFOPLIST_KEY_UIApplicationSupportsIndirectInputEvents = YES;
				INFOPLIST_KEY_UILaunchStoryboardName = LaunchScreen;
				INFOPLIST_KEY_UISupportedInterfaceOrientations_iPad = "UIInterfaceOrientationPortrait UIInterfaceOrientationPortraitUpsideDown UIInterfaceOrientationLandscapeLeft UIInterfaceOrientationLandscapeRight";
				INFOPLIST_KEY_UISupportedInterfaceOrientations_iPhone = "UIInterfaceOrientationPortrait UIInterfaceOrientationLandscapeLeft UIInterfaceOrientationLandscapeRight";
				IPHONEOS_DEPLOYMENT_TARGET = 14.4;
				LD_RUNPATH_SEARCH_PATHS = (
					"$(inherited)",
					"@executable_path/Frameworks",
				);
				MARKETING_VERSION = 1.0;
				PRODUCT_BUNDLE_IDENTIFIER = com.mustdev.vkr;
				PRODUCT_NAME = "$(TARGET_NAME)";
				PROVISIONING_PROFILE_SPECIFIER = "";
				SWIFT_EMIT_LOC_STRINGS = YES;
				SWIFT_VERSION = 5.0;
				TARGETED_DEVICE_FAMILY = "1,2";
			};
			name = Release;
		};
/* End XCBuildConfiguration section */

/* Begin XCConfigurationList section */
		B5D0DEA82BBBC67300613015 /* Build configuration list for PBXProject "Shaverma" */ = {
			isa = XCConfigurationList;
			buildConfigurations = (
				B5D0DEBF2BBBC67400613015 /* Debug */,
				B5D0DEC02BBBC67400613015 /* Release */,
			);
			defaultConfigurationIsVisible = 0;
			defaultConfigurationName = Release;
		};
		B5D0DEC12BBBC67400613015 /* Build configuration list for PBXNativeTarget "Shaverma" */ = {
			isa = XCConfigurationList;
			buildConfigurations = (
				B5D0DEC22BBBC67400613015 /* Debug */,
				B5D0DEC32BBBC67400613015 /* Release */,
			);
			defaultConfigurationIsVisible = 0;
			defaultConfigurationName = Release;
		};
/* End XCConfigurationList section */

/* Begin XCRemoteSwiftPackageReference section */
		B5560A8D2BD2AD4C00F325DF /* XCRemoteSwiftPackageReference "lottie-spm" */ = {
			isa = XCRemoteSwiftPackageReference;
			repositoryURL = "https://github.com/airbnb/lottie-spm.git";
			requirement = {
				kind = upToNextMajorVersion;
				minimumVersion = 4.4.3;
			};
		};
		B5D0DED02BBBC74D00613015 /* XCRemoteSwiftPackageReference "CombineCocoa" */ = {
			isa = XCRemoteSwiftPackageReference;
			repositoryURL = "https://github.com/KopievDev/CombineCocoa";
			requirement = {
				branch = main;
				kind = branch;
			};
		};
		B5D0DEDB2BBBCA6700613015 /* XCRemoteSwiftPackageReference "SnapKit" */ = {
			isa = XCRemoteSwiftPackageReference;
			repositoryURL = "https://github.com/SnapKit/SnapKit.git";
			requirement = {
				kind = upToNextMajorVersion;
				minimumVersion = 5.7.1;
			};
		};
		B5D0DF122BBBD30E00613015 /* XCRemoteSwiftPackageReference "SDWebImageSVGCoder" */ = {
			isa = XCRemoteSwiftPackageReference;
			repositoryURL = "https://github.com/SDWebImage/SDWebImageSVGCoder.git";
			requirement = {
				kind = upToNextMajorVersion;
				minimumVersion = 1.7.0;
			};
		};
/* End XCRemoteSwiftPackageReference section */

/* Begin XCSwiftPackageProductDependency section */
		B5560A8E2BD2AD4C00F325DF /* Lottie */ = {
			isa = XCSwiftPackageProductDependency;
			package = B5560A8D2BD2AD4C00F325DF /* XCRemoteSwiftPackageReference "lottie-spm" */;
			productName = Lottie;
		};
		B5D0DED12BBBC74D00613015 /* CombineCocoa */ = {
			isa = XCSwiftPackageProductDependency;
			package = B5D0DED02BBBC74D00613015 /* XCRemoteSwiftPackageReference "CombineCocoa" */;
			productName = CombineCocoa;
		};
		B5D0DEDC2BBBCA6700613015 /* SnapKit */ = {
			isa = XCSwiftPackageProductDependency;
			package = B5D0DEDB2BBBCA6700613015 /* XCRemoteSwiftPackageReference "SnapKit" */;
			productName = SnapKit;
		};
		B5D0DF132BBBD30E00613015 /* SDWebImageSVGCoder */ = {
			isa = XCSwiftPackageProductDependency;
			package = B5D0DF122BBBD30E00613015 /* XCRemoteSwiftPackageReference "SDWebImageSVGCoder" */;
			productName = SDWebImageSVGCoder;
		};
/* End XCSwiftPackageProductDependency section */
	};
	rootObject = B5D0DEA52BBBC67300613015 /* Project object */;
}
